{
	"name": "bitcore-wallet",
	"version": "8.3.0",
	"lockfileVersion": 1,
	"requires": true,
	"dependencies": {
		"ansi": {
			"version": "0.3.1",
			"resolved": "https://registry.npmjs.org/ansi/-/ansi-0.3.1.tgz",
			"integrity": "sha1-DELU+xcWDVqa8eSEus4cZpIsGyE="
		},
		"are-we-there-yet": {
			"version": "1.0.6",
			"resolved": "https://registry.npmjs.org/are-we-there-yet/-/are-we-there-yet-1.0.6.tgz",
			"integrity": "sha1-otKMkxAqpsyWJFomy5VN4G7FPww=",
			"requires": {
				"delegates": "1.0.0",
				"readable-stream": "2.3.6"
			}
		},
		"assertion-error": {
			"version": "1.1.0",
			"resolved": "https://registry.npmjs.org/assertion-error/-/assertion-error-1.1.0.tgz",
			"integrity": "sha512-jgsaNduz+ndvGyFt3uSuWqvy4lCnIJiovtouQN5JZHOKCS2QuhEdbcQHFhVksz2N2U9hXJo8odG7ETyWlEeuDw==",
			"dev": true
		},
		"async": {
			"version": "2.6.2",
			"resolved": "https://registry.npmjs.org/async/-/async-2.6.2.tgz",
			"integrity": "sha512-H1qVYh1MYhEEFLsP97cVKqCGo7KfCyTt6uEWqsTBr9SO84oK9Uwbyd/yCW+6rKJLHksBNUVWZDAjfS+Ccx0Bbg==",
			"requires": {
				"lodash": "4.17.11"
			},
			"dependencies": {
				"lodash": {
					"version": "4.17.11",
					"resolved": "https://registry.npmjs.org/lodash/-/lodash-4.17.11.tgz",
					"integrity": "sha512-cQKh8igo5QUhZ7lg38DYWAxMvjSAKG0A8wGSVimP07SIUEK2UO+arSRKbRZWtelMtN5V0Hkwh5ryOto/SshYIg=="
				}
			}
		},
		"chai": {
			"version": "3.5.0",
			"resolved": "https://registry.npmjs.org/chai/-/chai-3.5.0.tgz",
			"integrity": "sha1-TQJjewZ/6Vi9v906QOxW/vc3Mkc=",
			"dev": true,
			"requires": {
				"assertion-error": "1.1.0",
				"deep-eql": "0.1.3",
				"type-detect": "1.0.0"
			}
		},
		"commander": {
			"version": "2.20.0",
			"resolved": "https://registry.npmjs.org/commander/-/commander-2.20.0.tgz",
			"integrity": "sha512-7j2y+40w61zy6YC2iRNpUe/NwhNyoXrYpHMrSunaMG64nRnaf96zO/KMQR4OyN/UnE5KLyEBnKHd4aG3rskjpQ=="
		},
		"core-util-is": {
			"version": "1.0.2",
			"resolved": "https://registry.npmjs.org/core-util-is/-/core-util-is-1.0.2.tgz",
			"integrity": "sha1-tf1UIgqivFq1eqtxQMlAdUUDwac="
		},
		"deep-eql": {
			"version": "0.1.3",
			"resolved": "https://registry.npmjs.org/deep-eql/-/deep-eql-0.1.3.tgz",
			"integrity": "sha1-71WKyrjeJSBs1xOQbXTlaTDrafI=",
			"dev": true,
			"requires": {
				"type-detect": "0.1.1"
			},
			"dependencies": {
				"type-detect": {
					"version": "0.1.1",
					"resolved": "https://registry.npmjs.org/type-detect/-/type-detect-0.1.1.tgz",
					"integrity": "sha1-C6XsKohWQORw6k6FBZcZANrFiCI=",
					"dev": true
				}
			}
		},
		"define-properties": {
			"version": "1.1.3",
			"resolved": "https://registry.npmjs.org/define-properties/-/define-properties-1.1.3.tgz",
			"integrity": "sha512-3MqfYKj2lLzdMSf8ZIZE/V+Zuy+BgD6f164e8K2w7dgnpKArBDerGYpM46IYYcjnkdPNMjPk9A6VFB8+3SKlXQ==",
			"dev": true,
			"requires": {
				"object-keys": "1.1.1"
			}
		},
		"delegates": {
			"version": "1.0.0",
			"resolved": "https://registry.npmjs.org/delegates/-/delegates-1.0.0.tgz",
			"integrity": "sha1-hMbhWbgZBP3KWaDvRM2HDTElD5o="
		},
		"es-abstract": {
			"version": "1.13.0",
			"resolved": "https://registry.npmjs.org/es-abstract/-/es-abstract-1.13.0.tgz",
			"integrity": "sha512-vDZfg/ykNxQVwup/8E1BZhVzFfBxs9NqMzGcvIJrqg5k2/5Za2bWo40dK2J1pgLngZ7c+Shh8lwYtLGyrwPutg==",
			"dev": true,
			"requires": {
				"es-to-primitive": "1.2.0",
				"function-bind": "1.1.1",
				"has": "1.0.3",
				"is-callable": "1.1.4",
				"is-regex": "1.0.4",
				"object-keys": "1.1.1"
			}
		},
		"es-to-primitive": {
			"version": "1.2.0",
			"resolved": "https://registry.npmjs.org/es-to-primitive/-/es-to-primitive-1.2.0.tgz",
			"integrity": "sha512-qZryBOJjV//LaxLTV6UC//WewneB3LcXOL9NP++ozKVXsIIIpm/2c13UDiD9Jp2eThsecw9m3jPqDwTyobcdbg==",
			"dev": true,
			"requires": {
				"is-callable": "1.1.4",
				"is-date-object": "1.0.1",
				"is-symbol": "1.0.2"
			}
		},
		"formatio": {
			"version": "1.1.1",
			"resolved": "https://registry.npmjs.org/formatio/-/formatio-1.1.1.tgz",
			"integrity": "sha1-XtPM1jZVEJc4NGXZlhmRAOhhYek=",
			"dev": true,
			"requires": {
				"samsam": "1.1.2"
			}
		},
		"function-bind": {
			"version": "1.1.1",
			"resolved": "https://registry.npmjs.org/function-bind/-/function-bind-1.1.1.tgz",
			"integrity": "sha512-yIovAzMX49sF8Yl58fSCWJ5svSLuaibPxXQJFLmBObTuCr0Mf1KiPopGM9NiFjiYBCbfaa2Fh6breQ6ANVTI0A==",
			"dev": true
		},
		"gauge": {
			"version": "1.2.7",
			"resolved": "https://registry.npmjs.org/gauge/-/gauge-1.2.7.tgz",
			"integrity": "sha1-6c7FSD09TuDvRLYKfZnkk14TbZM=",
			"requires": {
				"ansi": "0.3.1",
				"has-unicode": "2.0.1",
				"lodash.pad": "4.5.1",
				"lodash.padend": "4.6.1",
				"lodash.padstart": "4.6.1"
			}
		},
		"has": {
			"version": "1.0.3",
			"resolved": "https://registry.npmjs.org/has/-/has-1.0.3.tgz",
			"integrity": "sha512-f2dvO0VU6Oej7RkWJGrehjbzMAjFp5/VKPp5tTpWIV4JHHZK1/BxbFRtf/siA2SWTe09caDmVtYYzWEIbBS4zw==",
			"dev": true,
			"requires": {
				"function-bind": "1.1.1"
			}
		},
		"has-symbols": {
			"version": "1.0.0",
			"resolved": "https://registry.npmjs.org/has-symbols/-/has-symbols-1.0.0.tgz",
			"integrity": "sha1-uhqPGvKg/DllD1yFA2dwQSIGO0Q=",
			"dev": true
		},
		"has-unicode": {
			"version": "2.0.1",
			"resolved": "https://registry.npmjs.org/has-unicode/-/has-unicode-2.0.1.tgz",
			"integrity": "sha1-4Ob+aijPUROIVeCG0Wkedx3iqLk="
		},
		"inherits": {
			"version": "2.0.3",
			"resolved": "https://registry.npmjs.org/inherits/-/inherits-2.0.3.tgz",
			"integrity": "sha1-Yzwsg+PaQqUC9SRmAiSA9CCCYd4="
		},
		"is-arguments": {
			"version": "1.0.4",
			"resolved": "https://registry.npmjs.org/is-arguments/-/is-arguments-1.0.4.tgz",
			"integrity": "sha512-xPh0Rmt8NE65sNzvyUmWgI1tz3mKq74lGA0mL8LYZcoIzKOzDh6HmrYm3d18k60nHerC8A9Km8kYu87zfSFnLA==",
			"dev": true
		},
		"is-callable": {
			"version": "1.1.4",
			"resolved": "https://registry.npmjs.org/is-callable/-/is-callable-1.1.4.tgz",
			"integrity": "sha512-r5p9sxJjYnArLjObpjA4xu5EKI3CuKHkJXMhT7kwbpUyIFD1n5PMAsoPvWnvtZiNz7LjkYDRZhd7FlI0eMijEA==",
			"dev": true
		},
		"is-date-object": {
			"version": "1.0.1",
			"resolved": "https://registry.npmjs.org/is-date-object/-/is-date-object-1.0.1.tgz",
			"integrity": "sha1-mqIOtq7rv/d/vTPnTKAbM1gdOhY=",
			"dev": true
		},
		"is-generator-function": {
			"version": "1.0.7",
			"resolved": "https://registry.npmjs.org/is-generator-function/-/is-generator-function-1.0.7.tgz",
			"integrity": "sha512-YZc5EwyO4f2kWCax7oegfuSr9mFz1ZvieNYBEjmukLxgXfBUbxAWGVF7GZf0zidYtoBl3WvC07YK0wT76a+Rtw==",
			"dev": true
		},
		"is-regex": {
			"version": "1.0.4",
			"resolved": "https://registry.npmjs.org/is-regex/-/is-regex-1.0.4.tgz",
			"integrity": "sha1-VRdIm1RwkbCTDglWVM7SXul+lJE=",
			"dev": true,
			"requires": {
				"has": "1.0.3"
			}
		},
		"is-symbol": {
			"version": "1.0.2",
			"resolved": "https://registry.npmjs.org/is-symbol/-/is-symbol-1.0.2.tgz",
			"integrity": "sha512-HS8bZ9ox60yCJLH9snBpIwv9pYUAkcuLhSA1oero1UB5y9aiQpRA8y2ex945AOtCZL1lJDeIk3G5LthswI46Lw==",
			"dev": true,
			"requires": {
				"has-symbols": "1.0.0"
			}
		},
		"isarray": {
			"version": "1.0.0",
			"resolved": "https://registry.npmjs.org/isarray/-/isarray-1.0.0.tgz",
			"integrity": "sha1-u5NdSFgsuhaMBoNJV6VKPgcSTxE="
		},
		"lodash": {
			"version": "3.10.1",
			"resolved": "https://registry.npmjs.org/lodash/-/lodash-3.10.1.tgz",
			"integrity": "sha1-W/Rejkm6QYnhfUgnid/RW9FAt7Y="
		},
		"lodash.pad": {
			"version": "4.5.1",
			"resolved": "https://registry.npmjs.org/lodash.pad/-/lodash.pad-4.5.1.tgz",
			"integrity": "sha1-QzCUmoM6fI2iLMIPaibE1Z3runA="
		},
		"lodash.padend": {
			"version": "4.6.1",
			"resolved": "https://registry.npmjs.org/lodash.padend/-/lodash.padend-4.6.1.tgz",
			"integrity": "sha1-U8y6BH0G4VjTEfRdpiX05J5vFm4="
		},
		"lodash.padstart": {
			"version": "4.6.1",
			"resolved": "https://registry.npmjs.org/lodash.padstart/-/lodash.padstart-4.6.1.tgz",
			"integrity": "sha1-0uPuv/DZ05rVD1y9G1KnvOa7YRs="
		},
		"lolex": {
			"version": "1.3.2",
			"resolved": "https://registry.npmjs.org/lolex/-/lolex-1.3.2.tgz",
			"integrity": "sha1-fD2mL/yzDw9agKJWbKJORdigHzE=",
			"dev": true
		},
		"moment": {
			"version": "2.24.0",
			"resolved": "https://registry.npmjs.org/moment/-/moment-2.24.0.tgz",
			"integrity": "sha512-bV7f+6l2QigeBBZSM/6yTNq4P2fNpSWj/0e7jQcy87A8e7o2nAfP/34/2ky5Vw4B9S446EtIhodAzkFCcR4dQg=="
		},
		"mute-stream": {
			"version": "0.0.8",
			"resolved": "https://registry.npmjs.org/mute-stream/-/mute-stream-0.0.8.tgz",
			"integrity": "sha512-nnbWWOkoWyUsTjKrhgD0dcz22mdkSnpYqbEjIm2nhwhuxlSkpywJmBo8h0ZqJdkp73mb90SssHkN4rsRaBAfAA=="
		},
		"npmlog": {
			"version": "1.2.1",
			"resolved": "https://registry.npmjs.org/npmlog/-/npmlog-1.2.1.tgz",
			"integrity": "sha1-KOe+YZYJtT960d0wChDWTXFiaLY=",
			"requires": {
				"ansi": "0.3.1",
				"are-we-there-yet": "1.0.6",
				"gauge": "1.2.7"
			}
		},
		"object-keys": {
			"version": "1.1.1",
			"resolved": "https://registry.npmjs.org/object-keys/-/object-keys-1.1.1.tgz",
			"integrity": "sha512-NuAESUOUMrlIXOfHKzD6bpPu3tYt3xvjNdRIQ+FeT0lNb4K8WR70CaDxhuNguS2XG+GjkyMwOzsN5ZktImfhLA==",
			"dev": true
		},
		"object.entries": {
			"version": "1.1.0",
			"resolved": "https://registry.npmjs.org/object.entries/-/object.entries-1.1.0.tgz",
			"integrity": "sha512-l+H6EQ8qzGRxbkHOd5I/aHRhHDKoQXQ8g0BYt4uSweQU1/J6dZUOyWh9a2Vky35YCKjzmgxOzta2hH6kf9HuXA==",
			"dev": true,
			"requires": {
				"define-properties": "1.1.3",
				"es-abstract": "1.13.0",
				"function-bind": "1.1.1",
				"has": "1.0.3"
			}
		},
		"process-nextick-args": {
			"version": "2.0.0",
			"resolved": "https://registry.npmjs.org/process-nextick-args/-/process-nextick-args-2.0.0.tgz",
			"integrity": "sha512-MtEC1TqN0EU5nephaJ4rAtThHtC86dNN9qCuEhtshvpVBkAW5ZO7BASN9REnF9eoXGcRub+pFuKEpOHE+HbEMw=="
		},
		"qr-image": {
			"version": "3.2.0",
			"resolved": "https://registry.npmjs.org/qr-image/-/qr-image-3.2.0.tgz",
			"integrity": "sha1-n6gpW+rlDEoUnPn5CaHbRkqGcug="
		},
		"read": {
			"version": "1.0.7",
			"resolved": "https://registry.npmjs.org/read/-/read-1.0.7.tgz",
			"integrity": "sha1-s9oZvQUkMal2cdRKQmNK33ELQMQ=",
			"requires": {
				"mute-stream": "0.0.8"
			}
		},
		"readable-stream": {
			"version": "2.3.6",
			"resolved": "https://registry.npmjs.org/readable-stream/-/readable-stream-2.3.6.tgz",
			"integrity": "sha512-tQtKA9WIAhBF3+VLAseyMqZeBjW0AHJoxOtYqSUZNJxauErmLbVm2FW1y+J/YA9dUrAC39ITejlZWhVIwawkKw==",
			"requires": {
				"core-util-is": "1.0.2",
				"inherits": "2.0.3",
				"isarray": "1.0.0",
				"process-nextick-args": "2.0.0",
				"safe-buffer": "5.1.2",
				"string_decoder": "1.1.1",
				"util-deprecate": "1.0.2"
			}
		},
		"safe-buffer": {
			"version": "5.1.2",
			"resolved": "https://registry.npmjs.org/safe-buffer/-/safe-buffer-5.1.2.tgz",
			"integrity": "sha512-Gd2UZBJDkXlY7GbJxfsE8/nvKkUEU1G38c1siN6QP6a9PT9MmHB8GnpscSmMJSoF8LOIrt8ud/wPtojys4G6+g=="
		},
		"samsam": {
			"version": "1.1.2",
			"resolved": "https://registry.npmjs.org/samsam/-/samsam-1.1.2.tgz",
			"integrity": "sha1-vsEf3IOp/aBjQBIQ5AF2wwJNFWc=",
			"dev": true
		},
		"sinon": {
			"version": "1.17.7",
			"resolved": "https://registry.npmjs.org/sinon/-/sinon-1.17.7.tgz",
			"integrity": "sha1-RUKk9JugxFwF6y6d2dID4rjv4L8=",
			"dev": true,
			"requires": {
				"formatio": "1.1.1",
				"lolex": "1.3.2",
				"samsam": "1.1.2",
				"util": "0.12.0"
			}
		},
		"sjcl": {
			"version": "1.0.8",
			"resolved": "https://registry.npmjs.org/sjcl/-/sjcl-1.0.8.tgz",
			"integrity": "sha512-LzIjEQ0S0DpIgnxMEayM1rq9aGwGRG4OnZhCdjx7glTaJtf4zRfpg87ImfjSJjoW9vKpagd82McDOwbRT5kQKQ=="
		},
		"string_decoder": {
			"version": "1.1.1",
			"resolved": "https://registry.npmjs.org/string_decoder/-/string_decoder-1.1.1.tgz",
			"integrity": "sha512-n/ShnvDi6FHbbVfviro+WojiFzv+s8MPMHBczVePfUpDJLwoLT0ht1l4YwBCbi8pJAveEEdnkHyPyTP/mzRfwg==",
			"requires": {
				"safe-buffer": "5.1.2"
			}
		},
		"type-detect": {
			"version": "1.0.0",
			"resolved": "https://registry.npmjs.org/type-detect/-/type-detect-1.0.0.tgz",
			"integrity": "sha1-diIXzAbbJY7EiQihKY6LlRIejqI=",
			"dev": true
		},
		"util": {
			"version": "0.12.0",
			"resolved": "https://registry.npmjs.org/util/-/util-0.12.0.tgz",
			"integrity": "sha512-pPSOFl7VLhZ7LO/SFABPraZEEurkJUWSMn3MuA/r3WQZc+Z1fqou2JqLSOZbCLl73EUIxuUVX8X4jkX2vfJeAA==",
			"dev": true,
			"requires": {
				"inherits": "2.0.3",
				"is-arguments": "1.0.4",
				"is-generator-function": "1.0.7",
				"object.entries": "1.1.0",
				"safe-buffer": "5.1.2"
			}
		},
		"util-deprecate": {
			"version": "1.0.2",
			"resolved": "https://registry.npmjs.org/util-deprecate/-/util-deprecate-1.0.2.tgz",
			"integrity": "sha1-RQ1Nyfpw3nMnYvvS1KKJgUGaDM8="
		}
	}
}
