{
	"name": "bitcore-wallet",
	"version": "8.25.30",
	"lockfileVersion": 1,
	"requires": true,
	"dependencies": {
		"ansi": {
			"version": "0.3.1",
			"resolved": "https://registry.npmjs.org/ansi/-/ansi-0.3.1.tgz",
			"integrity": "sha512-iFY7JCgHbepc0b82yLaw4IMortylNb6wG4kL+4R0C3iv6i+RHGHux/yUX5BTiRvSX/shMnngjR1YyNMnXEFh5A=="
		},
		"are-we-there-yet": {
			"version": "1.0.6",
			"resolved": "https://registry.npmjs.org/are-we-there-yet/-/are-we-there-yet-1.0.6.tgz",
			"integrity": "sha512-Zfw6bteqM9gQXZ1BIWOgM8xEwMrUGoyL8nW13+O+OOgNX3YhuDN1GDgg1NzdTlmm3j+9sHy7uBZ12r+z9lXnZQ==",
			"requires": {
				"delegates": "^1.0.0",
				"readable-stream": "^2.0.0 || ^1.1.13"
			}
		},
		"assertion-error": {
			"version": "1.1.0",
			"resolved": "https://registry.npmjs.org/assertion-error/-/assertion-error-1.1.0.tgz",
			"integrity": "sha512-jgsaNduz+ndvGyFt3uSuWqvy4lCnIJiovtouQN5JZHOKCS2QuhEdbcQHFhVksz2N2U9hXJo8odG7ETyWlEeuDw==",
			"dev": true
		},
		"async": {
			"version": "2.6.4",
			"resolved": "https://registry.npmjs.org/async/-/async-2.6.4.tgz",
			"integrity": "sha512-mzo5dfJYwAn29PeiJ0zvwTo04zj8HDJj0Mn8TD7sno7q12prdbnasKJHhkm2c1LgrhlJ0teaea8860oxi51mGA==",
			"requires": {
				"lodash": "^4.17.14"
			},
			"dependencies": {
				"lodash": {
					"version": "4.17.21",
					"resolved": "https://registry.npmjs.org/lodash/-/lodash-4.17.21.tgz",
					"integrity": "sha512-v2kDEe57lecTulaDIuNTPy3Ry4gLGJ6Z1O3vE1krgXZNrsQ+LFTGHVxVjcXPs17LhbZVGedAJv8XZ1tvj5FvSg=="
				}
			}
		},
		"available-typed-arrays": {
			"version": "1.0.5",
			"resolved": "https://registry.npmjs.org/available-typed-arrays/-/available-typed-arrays-1.0.5.tgz",
			"integrity": "sha512-DMD0KiN46eipeziST1LPP/STfDU0sufISXmjSgvVsoU2tqxctQeASejWcfNtxYKqETM1UxQ8sp2OrSBWpHY6sw==",
			"dev": true
		},
		"call-bind": {
			"version": "1.0.2",
			"resolved": "https://registry.npmjs.org/call-bind/-/call-bind-1.0.2.tgz",
			"integrity": "sha512-7O+FbCihrB5WGbFYesctwmTKae6rOiIzmz1icreWJ+0aA7LJfuqhEso2T9ncpcFtzMQtzXf2QGGueWJGTYsqrA==",
			"dev": true,
			"requires": {
				"function-bind": "^1.1.1",
				"get-intrinsic": "^1.0.2"
			}
		},
		"chai": {
			"version": "3.5.0",
			"resolved": "https://registry.npmjs.org/chai/-/chai-3.5.0.tgz",
			"integrity": "sha512-eRYY0vPS2a9zt5w5Z0aCeWbrXTEyvk7u/Xf71EzNObrjSCPgMm1Nku/D/u2tiqHBX5j40wWhj54YJLtgn8g55A==",
			"dev": true,
			"requires": {
				"assertion-error": "^1.0.1",
				"deep-eql": "^0.1.3",
				"type-detect": "^1.0.0"
			}
		},
		"commander": {
			"version": "2.20.3",
			"resolved": "https://registry.npmjs.org/commander/-/commander-2.20.3.tgz",
			"integrity": "sha512-GpVkmM8vF2vQUkj2LvZmD35JxeJOLCwJ9cUkugyk2nuhbv3+mJvpLYYt+0+USMxE+oj+ey/lJEnhZw75x/OMcQ=="
		},
		"core-util-is": {
			"version": "1.0.3",
			"resolved": "https://registry.npmjs.org/core-util-is/-/core-util-is-1.0.3.tgz",
			"integrity": "sha512-ZQBvi1DcpJ4GDqanjucZ2Hj3wEO5pZDS89BWbkcrvdxksJorwUDDZamX9ldFkp9aw2lmBDLgkObEA4DWNJ9FYQ=="
		},
		"deep-eql": {
			"version": "0.1.3",
			"resolved": "https://registry.npmjs.org/deep-eql/-/deep-eql-0.1.3.tgz",
			"integrity": "sha512-6sEotTRGBFiNcqVoeHwnfopbSpi5NbH1VWJmYCVkmxMmaVTT0bUTrNaGyBwhgP4MZL012W/mkzIn3Da+iDYweg==",
			"dev": true,
			"requires": {
				"type-detect": "0.1.1"
			},
			"dependencies": {
				"type-detect": {
					"version": "0.1.1",
					"resolved": "https://registry.npmjs.org/type-detect/-/type-detect-0.1.1.tgz",
					"integrity": "sha512-5rqszGVwYgBoDkIm2oUtvkfZMQ0vk29iDMU0W2qCa3rG0vPDNczCMT4hV/bLBgLg8k8ri6+u3Zbt+S/14eMzlA==",
					"dev": true
				}
			}
		},
		"define-properties": {
			"version": "1.1.4",
			"resolved": "https://registry.npmjs.org/define-properties/-/define-properties-1.1.4.tgz",
			"integrity": "sha512-uckOqKcfaVvtBdsVkdPv3XjveQJsNQqmhXgRi8uhvWWuPYZCNlzT8qAyblUgNoXdHdjMTzAqeGjAoli8f+bzPA==",
			"dev": true,
			"requires": {
				"has-property-descriptors": "^1.0.0",
				"object-keys": "^1.1.1"
			}
		},
		"delegates": {
			"version": "1.0.0",
			"resolved": "https://registry.npmjs.org/delegates/-/delegates-1.0.0.tgz",
			"integrity": "sha512-bd2L678uiWATM6m5Z1VzNCErI3jiGzt6HGY8OVICs40JQq/HALfbyNJmp0UDakEY4pMMaN0Ly5om/B1VI/+xfQ=="
		},
		"es-abstract": {
			"version": "1.20.1",
			"resolved": "https://registry.npmjs.org/es-abstract/-/es-abstract-1.20.1.tgz",
			"integrity": "sha512-WEm2oBhfoI2sImeM4OF2zE2V3BYdSF+KnSi9Sidz51fQHd7+JuF8Xgcj9/0o+OWeIeIS/MiuNnlruQrJf16GQA==",
			"dev": true,
			"requires": {
				"call-bind": "^1.0.2",
				"es-to-primitive": "^1.2.1",
				"function-bind": "^1.1.1",
				"function.prototype.name": "^1.1.5",
				"get-intrinsic": "^1.1.1",
				"get-symbol-description": "^1.0.0",
				"has": "^1.0.3",
				"has-property-descriptors": "^1.0.0",
				"has-symbols": "^1.0.3",
				"internal-slot": "^1.0.3",
				"is-callable": "^1.2.4",
				"is-negative-zero": "^2.0.2",
				"is-regex": "^1.1.4",
				"is-shared-array-buffer": "^1.0.2",
				"is-string": "^1.0.7",
				"is-weakref": "^1.0.2",
				"object-inspect": "^1.12.0",
				"object-keys": "^1.1.1",
				"object.assign": "^4.1.2",
				"regexp.prototype.flags": "^1.4.3",
				"string.prototype.trimend": "^1.0.5",
				"string.prototype.trimstart": "^1.0.5",
				"unbox-primitive": "^1.0.2"
			}
		},
		"es-to-primitive": {
			"version": "1.2.1",
			"resolved": "https://registry.npmjs.org/es-to-primitive/-/es-to-primitive-1.2.1.tgz",
			"integrity": "sha512-QCOllgZJtaUo9miYBcLChTUaHNjJF3PYs1VidD7AwiEj1kYxKeQTctLAezAOH5ZKRH0g2IgPn6KwB4IT8iRpvA==",
			"dev": true,
			"requires": {
				"is-callable": "^1.1.4",
				"is-date-object": "^1.0.1",
				"is-symbol": "^1.0.2"
			}
		},
		"for-each": {
			"version": "0.3.3",
			"resolved": "https://registry.npmjs.org/for-each/-/for-each-0.3.3.tgz",
			"integrity": "sha512-jqYfLp7mo9vIyQf8ykW2v7A+2N4QjeCeI5+Dz9XraiO1ign81wjiH7Fb9vSOWvQfNtmSa4H2RoQTrrXivdUZmw==",
			"dev": true,
			"requires": {
				"is-callable": "^1.1.3"
			}
		},
		"formatio": {
			"version": "1.1.1",
			"resolved": "https://registry.npmjs.org/formatio/-/formatio-1.1.1.tgz",
			"integrity": "sha512-cPh7is6k3d8tIUh+pnXXuAbD/uhSXGgqLPw0UrYpv5lfdJ+MMMSjx40JNpqP7Top9Nt25YomWEiRmkHbOvkCaA==",
			"dev": true,
			"requires": {
				"samsam": "~1.1"
			}
		},
		"function-bind": {
			"version": "1.1.1",
			"resolved": "https://registry.npmjs.org/function-bind/-/function-bind-1.1.1.tgz",
			"integrity": "sha512-yIovAzMX49sF8Yl58fSCWJ5svSLuaibPxXQJFLmBObTuCr0Mf1KiPopGM9NiFjiYBCbfaa2Fh6breQ6ANVTI0A==",
			"dev": true
		},
		"function.prototype.name": {
			"version": "1.1.5",
			"resolved": "https://registry.npmjs.org/function.prototype.name/-/function.prototype.name-1.1.5.tgz",
			"integrity": "sha512-uN7m/BzVKQnCUF/iW8jYea67v++2u7m5UgENbHRtdDVclOUP+FMPlCNdmk0h/ysGyo2tavMJEDqJAkJdRa1vMA==",
			"dev": true,
			"requires": {
				"call-bind": "^1.0.2",
				"define-properties": "^1.1.3",
				"es-abstract": "^1.19.0",
				"functions-have-names": "^1.2.2"
			}
		},
		"functions-have-names": {
			"version": "1.2.3",
			"resolved": "https://registry.npmjs.org/functions-have-names/-/functions-have-names-1.2.3.tgz",
			"integrity": "sha512-xckBUXyTIqT97tq2x2AMb+g163b5JFysYk0x4qxNFwbfQkmNZoiRHb6sPzI9/QV33WeuvVYBUIiD4NzNIyqaRQ==",
			"dev": true
		},
		"gauge": {
			"version": "1.2.7",
			"resolved": "https://registry.npmjs.org/gauge/-/gauge-1.2.7.tgz",
			"integrity": "sha512-fVbU2wRE91yDvKUnrIaQlHKAWKY5e08PmztCrwuH5YVQ+Z/p3d0ny2T48o6uvAAXHIUnfaQdHkmxYbQft1eHVA==",
			"requires": {
				"ansi": "^0.3.0",
				"has-unicode": "^2.0.0",
				"lodash.pad": "^4.1.0",
				"lodash.padend": "^4.1.0",
				"lodash.padstart": "^4.1.0"
			}
		},
		"get-intrinsic": {
			"version": "1.1.2",
			"resolved": "https://registry.npmjs.org/get-intrinsic/-/get-intrinsic-1.1.2.tgz",
			"integrity": "sha512-Jfm3OyCxHh9DJyc28qGk+JmfkpO41A4XkneDSujN9MDXrm4oDKdHvndhZ2dN94+ERNfkYJWDclW6k2L/ZGHjXA==",
			"dev": true,
			"requires": {
				"function-bind": "^1.1.1",
				"has": "^1.0.3",
				"has-symbols": "^1.0.3"
			}
		},
		"get-symbol-description": {
			"version": "1.0.0",
			"resolved": "https://registry.npmjs.org/get-symbol-description/-/get-symbol-description-1.0.0.tgz",
			"integrity": "sha512-2EmdH1YvIQiZpltCNgkuiUnyukzxM/R6NDJX31Ke3BG1Nq5b0S2PhX59UKi9vZpPDQVdqn+1IcaAwnzTT5vCjw==",
			"dev": true,
			"requires": {
				"call-bind": "^1.0.2",
				"get-intrinsic": "^1.1.1"
			}
		},
		"has": {
			"version": "1.0.3",
			"resolved": "https://registry.npmjs.org/has/-/has-1.0.3.tgz",
			"integrity": "sha512-f2dvO0VU6Oej7RkWJGrehjbzMAjFp5/VKPp5tTpWIV4JHHZK1/BxbFRtf/siA2SWTe09caDmVtYYzWEIbBS4zw==",
			"dev": true,
			"requires": {
				"function-bind": "^1.1.1"
			}
		},
		"has-bigints": {
			"version": "1.0.2",
			"resolved": "https://registry.npmjs.org/has-bigints/-/has-bigints-1.0.2.tgz",
			"integrity": "sha512-tSvCKtBr9lkF0Ex0aQiP9N+OpV4zi2r/Nee5VkRDbaqv35RLYMzbwQfFSZZH0kR+Rd6302UJZ2p/bJCEoR3VoQ==",
			"dev": true
		},
		"has-property-descriptors": {
			"version": "1.0.0",
			"resolved": "https://registry.npmjs.org/has-property-descriptors/-/has-property-descriptors-1.0.0.tgz",
			"integrity": "sha512-62DVLZGoiEBDHQyqG4w9xCuZ7eJEwNmJRWw2VY84Oedb7WFcA27fiEVe8oUQx9hAUJ4ekurquucTGwsyO1XGdQ==",
			"dev": true,
			"requires": {
				"get-intrinsic": "^1.1.1"
			}
		},
		"has-symbols": {
			"version": "1.0.3",
			"resolved": "https://registry.npmjs.org/has-symbols/-/has-symbols-1.0.3.tgz",
			"integrity": "sha512-l3LCuF6MgDNwTDKkdYGEihYjt5pRPbEg46rtlmnSPlUbgmB8LOIrKJbYYFBSbnPaJexMKtiPO8hmeRjRz2Td+A==",
			"dev": true
		},
		"has-tostringtag": {
			"version": "1.0.0",
			"resolved": "https://registry.npmjs.org/has-tostringtag/-/has-tostringtag-1.0.0.tgz",
			"integrity": "sha512-kFjcSNhnlGV1kyoGk7OXKSawH5JOb/LzUc5w9B02hOTO0dfFRjbHQKvg1d6cf3HbeUmtU9VbbV3qzZ2Teh97WQ==",
			"dev": true,
			"requires": {
				"has-symbols": "^1.0.2"
			}
		},
		"has-unicode": {
			"version": "2.0.1",
			"resolved": "https://registry.npmjs.org/has-unicode/-/has-unicode-2.0.1.tgz",
			"integrity": "sha512-8Rf9Y83NBReMnx0gFzA8JImQACstCYWUplepDa9xprwwtmgEZUF0h/i5xSA625zB/I37EtrswSST6OXxwaaIJQ=="
		},
		"inherits": {
			"version": "2.0.4",
			"resolved": "https://registry.npmjs.org/inherits/-/inherits-2.0.4.tgz",
			"integrity": "sha512-k/vGaX4/Yla3WzyMCvTQOXYeIHvqOKtnqBduzTHpzpQZzAskKMhZ2K+EnBiSM9zGSoIFeMpXKxa4dYeZIQqewQ=="
		},
		"internal-slot": {
			"version": "1.0.3",
			"resolved": "https://registry.npmjs.org/internal-slot/-/internal-slot-1.0.3.tgz",
			"integrity": "sha512-O0DB1JC/sPyZl7cIo78n5dR7eUSwwpYPiXRhTzNxZVAMUuB8vlnRFyLxdrVToks6XPLVnFfbzaVd5WLjhgg+vA==",
			"dev": true,
			"requires": {
				"get-intrinsic": "^1.1.0",
				"has": "^1.0.3",
				"side-channel": "^1.0.4"
			}
		},
		"is-arguments": {
			"version": "1.1.1",
			"resolved": "https://registry.npmjs.org/is-arguments/-/is-arguments-1.1.1.tgz",
			"integrity": "sha512-8Q7EARjzEnKpt/PCD7e1cgUS0a6X8u5tdSiMqXhojOdoV9TsMsiO+9VLC5vAmO8N7/GmXn7yjR8qnA6bVAEzfA==",
			"dev": true,
			"requires": {
				"call-bind": "^1.0.2",
				"has-tostringtag": "^1.0.0"
			}
		},
		"is-bigint": {
			"version": "1.0.4",
			"resolved": "https://registry.npmjs.org/is-bigint/-/is-bigint-1.0.4.tgz",
			"integrity": "sha512-zB9CruMamjym81i2JZ3UMn54PKGsQzsJeo6xvN3HJJ4CAsQNB6iRutp2To77OfCNuoxspsIhzaPoO1zyCEhFOg==",
			"dev": true,
			"requires": {
				"has-bigints": "^1.0.1"
			}
		},
		"is-boolean-object": {
			"version": "1.1.2",
			"resolved": "https://registry.npmjs.org/is-boolean-object/-/is-boolean-object-1.1.2.tgz",
			"integrity": "sha512-gDYaKHJmnj4aWxyj6YHyXVpdQawtVLHU5cb+eztPGczf6cjuTdwve5ZIEfgXqH4e57An1D1AKf8CZ3kYrQRqYA==",
			"dev": true,
			"requires": {
				"call-bind": "^1.0.2",
				"has-tostringtag": "^1.0.0"
			}
		},
		"is-callable": {
			"version": "1.2.4",
			"resolved": "https://registry.npmjs.org/is-callable/-/is-callable-1.2.4.tgz",
			"integrity": "sha512-nsuwtxZfMX67Oryl9LCQ+upnC0Z0BgpwntpS89m1H/TLF0zNfzfLMV/9Wa/6MZsj0acpEjAO0KF1xT6ZdLl95w==",
			"dev": true
		},
		"is-date-object": {
			"version": "1.0.5",
			"resolved": "https://registry.npmjs.org/is-date-object/-/is-date-object-1.0.5.tgz",
			"integrity": "sha512-9YQaSxsAiSwcvS33MBk3wTCVnWK+HhF8VZR2jRxehM16QcVOdHqPn4VPHmRK4lSr38n9JriurInLcP90xsYNfQ==",
			"dev": true,
			"requires": {
				"has-tostringtag": "^1.0.0"
			}
		},
		"is-generator-function": {
			"version": "1.0.10",
			"resolved": "https://registry.npmjs.org/is-generator-function/-/is-generator-function-1.0.10.tgz",
			"integrity": "sha512-jsEjy9l3yiXEQ+PsXdmBwEPcOxaXWLspKdplFUVI9vq1iZgIekeC0L167qeu86czQaxed3q/Uzuw0swL0irL8A==",
			"dev": true,
			"requires": {
				"has-tostringtag": "^1.0.0"
			}
		},
		"is-negative-zero": {
			"version": "2.0.2",
			"resolved": "https://registry.npmjs.org/is-negative-zero/-/is-negative-zero-2.0.2.tgz",
			"integrity": "sha512-dqJvarLawXsFbNDeJW7zAz8ItJ9cd28YufuuFzh0G8pNHjJMnY08Dv7sYX2uF5UpQOwieAeOExEYAWWfu7ZZUA==",
			"dev": true
		},
		"is-number-object": {
			"version": "1.0.7",
			"resolved": "https://registry.npmjs.org/is-number-object/-/is-number-object-1.0.7.tgz",
			"integrity": "sha512-k1U0IRzLMo7ZlYIfzRu23Oh6MiIFasgpb9X76eqfFZAqwH44UI4KTBvBYIZ1dSL9ZzChTB9ShHfLkR4pdW5krQ==",
			"dev": true,
			"requires": {
				"has-tostringtag": "^1.0.0"
			}
		},
		"is-regex": {
			"version": "1.1.4",
			"resolved": "https://registry.npmjs.org/is-regex/-/is-regex-1.1.4.tgz",
			"integrity": "sha512-kvRdxDsxZjhzUX07ZnLydzS1TU/TJlTUHHY4YLL87e37oUA49DfkLqgy+VjFocowy29cKvcSiu+kIv728jTTVg==",
			"dev": true,
			"requires": {
				"call-bind": "^1.0.2",
				"has-tostringtag": "^1.0.0"
			}
		},
		"is-shared-array-buffer": {
			"version": "1.0.2",
			"resolved": "https://registry.npmjs.org/is-shared-array-buffer/-/is-shared-array-buffer-1.0.2.tgz",
			"integrity": "sha512-sqN2UDu1/0y6uvXyStCOzyhAjCSlHceFoMKJW8W9EU9cvic/QdsZ0kEU93HEy3IUEFZIiH/3w+AH/UQbPHNdhA==",
			"dev": true,
			"requires": {
				"call-bind": "^1.0.2"
			}
		},
		"is-string": {
			"version": "1.0.7",
			"resolved": "https://registry.npmjs.org/is-string/-/is-string-1.0.7.tgz",
			"integrity": "sha512-tE2UXzivje6ofPW7l23cjDOMa09gb7xlAqG6jG5ej6uPV32TlWP3NKPigtaGeHNu9fohccRYvIiZMfOOnOYUtg==",
			"dev": true,
			"requires": {
				"has-tostringtag": "^1.0.0"
			}
		},
		"is-symbol": {
			"version": "1.0.4",
			"resolved": "https://registry.npmjs.org/is-symbol/-/is-symbol-1.0.4.tgz",
			"integrity": "sha512-C/CPBqKWnvdcxqIARxyOh4v1UUEOCHpgDa0WYgpKDFMszcrPcffg5uhwSgPCLD2WWxmq6isisz87tzT01tuGhg==",
			"dev": true,
			"requires": {
				"has-symbols": "^1.0.2"
			}
		},
		"is-typed-array": {
			"version": "1.1.9",
			"resolved": "https://registry.npmjs.org/is-typed-array/-/is-typed-array-1.1.9.tgz",
			"integrity": "sha512-kfrlnTTn8pZkfpJMUgYD7YZ3qzeJgWUn8XfVYBARc4wnmNOmLbmuuaAs3q5fvB0UJOn6yHAKaGTPM7d6ezoD/A==",
			"dev": true,
			"requires": {
				"available-typed-arrays": "^1.0.5",
				"call-bind": "^1.0.2",
				"es-abstract": "^1.20.0",
				"for-each": "^0.3.3",
				"has-tostringtag": "^1.0.0"
			}
		},
		"is-weakref": {
			"version": "1.0.2",
			"resolved": "https://registry.npmjs.org/is-weakref/-/is-weakref-1.0.2.tgz",
			"integrity": "sha512-qctsuLZmIQ0+vSSMfoVvyFe2+GSEvnmZ2ezTup1SBse9+twCCeial6EEi3Nc2KFcf6+qz2FBPnjXsk8xhKSaPQ==",
			"dev": true,
			"requires": {
				"call-bind": "^1.0.2"
			}
		},
		"isarray": {
			"version": "1.0.0",
			"resolved": "https://registry.npmjs.org/isarray/-/isarray-1.0.0.tgz",
			"integrity": "sha512-VLghIWNM6ELQzo7zwmcg0NmTVyWKYjvIeM83yjp0wRDTmUnrM678fQbcKBo6n2CJEF0szoG//ytg+TKla89ALQ=="
		},
		"lodash": {
			"version": "3.10.1",
			"resolved": "https://registry.npmjs.org/lodash/-/lodash-3.10.1.tgz",
			"integrity": "sha512-9mDDwqVIma6OZX79ZlDACZl8sBm0TEnkf99zV3iMA4GzkIT/9hiqP5mY0HoT1iNLCrKc/R1HByV+yJfRWVJryQ=="
		},
		"lodash.pad": {
			"version": "4.5.1",
			"resolved": "https://registry.npmjs.org/lodash.pad/-/lodash.pad-4.5.1.tgz",
			"integrity": "sha512-mvUHifnLqM+03YNzeTBS1/Gr6JRFjd3rRx88FHWUvamVaT9k2O/kXha3yBSOwB9/DTQrSTLJNHvLBBt2FdX7Mg=="
		},
		"lodash.padend": {
			"version": "4.6.1",
			"resolved": "https://registry.npmjs.org/lodash.padend/-/lodash.padend-4.6.1.tgz",
			"integrity": "sha512-sOQs2aqGpbl27tmCS1QNZA09Uqp01ZzWfDUoD+xzTii0E7dSQfRKcRetFwa+uXaxaqL+TKm7CgD2JdKP7aZBSw=="
		},
		"lodash.padstart": {
			"version": "4.6.1",
			"resolved": "https://registry.npmjs.org/lodash.padstart/-/lodash.padstart-4.6.1.tgz",
			"integrity": "sha512-sW73O6S8+Tg66eY56DBk85aQzzUJDtpoXFBgELMd5P/SotAguo+1kYO6RuYgXxA4HJH3LFTFPASX6ET6bjfriw=="
		},
		"lolex": {
			"version": "1.3.2",
			"resolved": "https://registry.npmjs.org/lolex/-/lolex-1.3.2.tgz",
			"integrity": "sha512-YYp8cqz7/8eruZ15L1mzcPkvLYxipfdsWIDESvNdNmQP9o7TsDitRhNuV2xb7aFu2ofZngao1jiVrVZ842x4BQ==",
			"dev": true
		},
		"moment": {
			"version": "2.29.3",
			"resolved": "https://registry.npmjs.org/moment/-/moment-2.29.3.tgz",
			"integrity": "sha512-c6YRvhEo//6T2Jz/vVtYzqBzwvPT95JBQ+smCytzf7c50oMZRsR/a4w88aD34I+/QVSfnoAnSBFPJHItlOMJVw=="
		},
		"mute-stream": {
			"version": "0.0.8",
			"resolved": "https://registry.npmjs.org/mute-stream/-/mute-stream-0.0.8.tgz",
			"integrity": "sha512-nnbWWOkoWyUsTjKrhgD0dcz22mdkSnpYqbEjIm2nhwhuxlSkpywJmBo8h0ZqJdkp73mb90SssHkN4rsRaBAfAA=="
		},
		"npmlog": {
			"version": "1.2.1",
			"resolved": "https://registry.npmjs.org/npmlog/-/npmlog-1.2.1.tgz",
			"integrity": "sha512-1J5KqSRvESP6XbjPaXt2H6qDzgizLTM7x0y1cXIjP2PpvdCqyNC7TO3cPRKsuYlElbi/DwkzRRdG2zpmE0IktQ==",
			"requires": {
				"ansi": "~0.3.0",
				"are-we-there-yet": "~1.0.0",
				"gauge": "~1.2.0"
			}
		},
		"object-inspect": {
			"version": "1.12.2",
			"resolved": "https://registry.npmjs.org/object-inspect/-/object-inspect-1.12.2.tgz",
			"integrity": "sha512-z+cPxW0QGUp0mcqcsgQyLVRDoXFQbXOwBaqyF7VIgI4TWNQsDHrBpUQslRmIfAoYWdYzs6UlKJtB2XJpTaNSpQ==",
			"dev": true
		},
		"object-keys": {
			"version": "1.1.1",
			"resolved": "https://registry.npmjs.org/object-keys/-/object-keys-1.1.1.tgz",
			"integrity": "sha512-NuAESUOUMrlIXOfHKzD6bpPu3tYt3xvjNdRIQ+FeT0lNb4K8WR70CaDxhuNguS2XG+GjkyMwOzsN5ZktImfhLA==",
			"dev": true
		},
		"object.assign": {
			"version": "4.1.2",
			"resolved": "https://registry.npmjs.org/object.assign/-/object.assign-4.1.2.tgz",
			"integrity": "sha512-ixT2L5THXsApyiUPYKmW+2EHpXXe5Ii3M+f4e+aJFAHao5amFRW6J0OO6c/LU8Be47utCx2GL89hxGB6XSmKuQ==",
			"dev": true,
			"requires": {
				"call-bind": "^1.0.0",
				"define-properties": "^1.1.3",
				"has-symbols": "^1.0.1",
				"object-keys": "^1.1.1"
			}
		},
		"process-nextick-args": {
			"version": "2.0.1",
			"resolved": "https://registry.npmjs.org/process-nextick-args/-/process-nextick-args-2.0.1.tgz",
			"integrity": "sha512-3ouUOpQhtgrbOa17J7+uxOTpITYWaGP7/AhoR3+A+/1e9skrzelGi/dXzEYyvbxubEF6Wn2ypscTKiKJFFn1ag=="
		},
		"qr-image": {
			"version": "3.2.0",
			"resolved": "https://registry.npmjs.org/qr-image/-/qr-image-3.2.0.tgz",
			"integrity": "sha512-rXKDS5Sx3YipVsqmlMJsJsk6jXylEpiHRC2+nJy66fxA5ExYyGa4PqwteW69SaVmAb2OQ18HbYriT7cGQMbduw=="
		},
		"read": {
			"version": "1.0.7",
			"resolved": "https://registry.npmjs.org/read/-/read-1.0.7.tgz",
			"integrity": "sha512-rSOKNYUmaxy0om1BNjMN4ezNT6VKK+2xF4GBhc81mkH7L60i6dp8qPYrkndNLT3QPphoII3maL9PVC9XmhHwVQ==",
			"requires": {
				"mute-stream": "~0.0.4"
			}
		},
		"readable-stream": {
			"version": "2.3.7",
			"resolved": "https://registry.npmjs.org/readable-stream/-/readable-stream-2.3.7.tgz",
			"integrity": "sha512-Ebho8K4jIbHAxnuxi7o42OrZgF/ZTNcsZj6nRKyUmkhLFq8CHItp/fy6hQZuZmP/n3yZ9VBUbp4zz/mX8hmYPw==",
			"requires": {
				"core-util-is": "~1.0.0",
				"inherits": "~2.0.3",
				"isarray": "~1.0.0",
				"process-nextick-args": "~2.0.0",
				"safe-buffer": "~5.1.1",
				"string_decoder": "~1.1.1",
				"util-deprecate": "~1.0.1"
			}
		},
		"regexp.prototype.flags": {
			"version": "1.4.3",
			"resolved": "https://registry.npmjs.org/regexp.prototype.flags/-/regexp.prototype.flags-1.4.3.tgz",
			"integrity": "sha512-fjggEOO3slI6Wvgjwflkc4NFRCTZAu5CnNfBd5qOMYhWdn67nJBBu34/TkD++eeFmd8C9r9jfXJ27+nSiRkSUA==",
			"dev": true,
			"requires": {
				"call-bind": "^1.0.2",
				"define-properties": "^1.1.3",
				"functions-have-names": "^1.2.2"
			}
		},
		"safe-buffer": {
			"version": "5.1.2",
			"resolved": "https://registry.npmjs.org/safe-buffer/-/safe-buffer-5.1.2.tgz",
			"integrity": "sha512-Gd2UZBJDkXlY7GbJxfsE8/nvKkUEU1G38c1siN6QP6a9PT9MmHB8GnpscSmMJSoF8LOIrt8ud/wPtojys4G6+g=="
		},
		"samsam": {
			"version": "1.1.2",
			"resolved": "https://registry.npmjs.org/samsam/-/samsam-1.1.2.tgz",
			"integrity": "sha512-iVL7LibpM3tl4rQPweOXXrmjGegxx27flTOjQEZD3PXe4oZNFzuz6Si4mgleK/JWU/hyCvtV01RUovjvBEpDmw==",
			"dev": true
		},
		"side-channel": {
			"version": "1.0.4",
			"resolved": "https://registry.npmjs.org/side-channel/-/side-channel-1.0.4.tgz",
			"integrity": "sha512-q5XPytqFEIKHkGdiMIrY10mvLRvnQh42/+GoBlFW3b2LXLE2xxJpZFdm94we0BaoV3RwJyGqg5wS7epxTv0Zvw==",
			"dev": true,
			"requires": {
				"call-bind": "^1.0.0",
				"get-intrinsic": "^1.0.2",
				"object-inspect": "^1.9.0"
			}
		},
		"sinon": {
			"version": "1.17.7",
			"resolved": "https://registry.npmjs.org/sinon/-/sinon-1.17.7.tgz",
			"integrity": "sha512-M9rtyQxKfcTTdB64rpPSRaTzOvunb+HHPv/3PxvNPrEDnFSny95Pi6/3VoD471ody0ay0IHyzT3BErfcLXj6NA==",
			"dev": true,
			"requires": {
				"formatio": "1.1.1",
				"lolex": "1.3.2",
				"samsam": "1.1.2",
				"util": ">=0.10.3 <1"
			}
		},
		"sjcl": {
			"version": "1.0.8",
			"resolved": "https://registry.npmjs.org/sjcl/-/sjcl-1.0.8.tgz",
			"integrity": "sha512-LzIjEQ0S0DpIgnxMEayM1rq9aGwGRG4OnZhCdjx7glTaJtf4zRfpg87ImfjSJjoW9vKpagd82McDOwbRT5kQKQ=="
		},
		"string.prototype.trimend": {
			"version": "1.0.5",
			"resolved": "https://registry.npmjs.org/string.prototype.trimend/-/string.prototype.trimend-1.0.5.tgz",
			"integrity": "sha512-I7RGvmjV4pJ7O3kdf+LXFpVfdNOxtCW/2C8f6jNiW4+PQchwxkCDzlk1/7p+Wl4bqFIZeF47qAHXLuHHWKAxog==",
			"dev": true,
			"requires": {
				"call-bind": "^1.0.2",
				"define-properties": "^1.1.4",
				"es-abstract": "^1.19.5"
			}
		},
		"string.prototype.trimstart": {
			"version": "1.0.5",
			"resolved": "https://registry.npmjs.org/string.prototype.trimstart/-/string.prototype.trimstart-1.0.5.tgz",
			"integrity": "sha512-THx16TJCGlsN0o6dl2o6ncWUsdgnLRSA23rRE5pyGBw/mLr3Ej/R2LaqCtgP8VNMGZsvMWnf9ooZPyY2bHvUFg==",
			"dev": true,
			"requires": {
				"call-bind": "^1.0.2",
				"define-properties": "^1.1.4",
				"es-abstract": "^1.19.5"
			}
		},
		"string_decoder": {
			"version": "1.1.1",
			"resolved": "https://registry.npmjs.org/string_decoder/-/string_decoder-1.1.1.tgz",
			"integrity": "sha512-n/ShnvDi6FHbbVfviro+WojiFzv+s8MPMHBczVePfUpDJLwoLT0ht1l4YwBCbi8pJAveEEdnkHyPyTP/mzRfwg==",
			"requires": {
				"safe-buffer": "~5.1.0"
			}
		},
		"type-detect": {
			"version": "1.0.0",
			"resolved": "https://registry.npmjs.org/type-detect/-/type-detect-1.0.0.tgz",
			"integrity": "sha512-f9Uv6ezcpvCQjJU0Zqbg+65qdcszv3qUQsZfjdRbWiZ7AMenrX1u0lNk9EoWWX6e1F+NULyg27mtdeZ5WhpljA==",
			"dev": true
		},
		"unbox-primitive": {
			"version": "1.0.2",
			"resolved": "https://registry.npmjs.org/unbox-primitive/-/unbox-primitive-1.0.2.tgz",
			"integrity": "sha512-61pPlCD9h51VoreyJ0BReideM3MDKMKnh6+V9L08331ipq6Q8OFXZYiqP6n/tbHx4s5I9uRhcye6BrbkizkBDw==",
			"dev": true,
			"requires": {
				"call-bind": "^1.0.2",
				"has-bigints": "^1.0.2",
				"has-symbols": "^1.0.3",
				"which-boxed-primitive": "^1.0.2"
			}
		},
		"util": {
			"version": "0.12.4",
			"resolved": "https://registry.npmjs.org/util/-/util-0.12.4.tgz",
			"integrity": "sha512-bxZ9qtSlGUWSOy9Qa9Xgk11kSslpuZwaxCg4sNIDj6FLucDab2JxnHwyNTCpHMtK1MjoQiWQ6DiUMZYbSrO+Sw==",
			"dev": true,
			"requires": {
				"inherits": "^2.0.3",
				"is-arguments": "^1.0.4",
				"is-generator-function": "^1.0.7",
				"is-typed-array": "^1.1.3",
				"safe-buffer": "^5.1.2",
				"which-typed-array": "^1.1.2"
			}
		},
		"util-deprecate": {
			"version": "1.0.2",
			"resolved": "https://registry.npmjs.org/util-deprecate/-/util-deprecate-1.0.2.tgz",
			"integrity": "sha512-EPD5q1uXyFxJpCrLnCc1nHnq3gOa6DZBocAIiI2TaSCA7VCJ1UJDMagCzIkXNsUYfD1daK//LTEQ8xiIbrHtcw=="
		},
		"which-boxed-primitive": {
			"version": "1.0.2",
			"resolved": "https://registry.npmjs.org/which-boxed-primitive/-/which-boxed-primitive-1.0.2.tgz",
			"integrity": "sha512-bwZdv0AKLpplFY2KZRX6TvyuN7ojjr7lwkg6ml0roIy9YeuSr7JS372qlNW18UQYzgYK9ziGcerWqZOmEn9VNg==",
			"dev": true,
			"requires": {
				"is-bigint": "^1.0.1",
				"is-boolean-object": "^1.1.0",
				"is-number-object": "^1.0.4",
				"is-string": "^1.0.5",
				"is-symbol": "^1.0.3"
			}
		},
		"which-typed-array": {
			"version": "1.1.8",
			"resolved": "https://registry.npmjs.org/which-typed-array/-/which-typed-array-1.1.8.tgz",
			"integrity": "sha512-Jn4e5PItbcAHyLoRDwvPj1ypu27DJbtdYXUa5zsinrUx77Uvfb0cXwwnGMTn7cjUfhhqgVQnVJCwF+7cgU7tpw==",
			"dev": true,
			"requires": {
				"available-typed-arrays": "^1.0.5",
				"call-bind": "^1.0.2",
				"es-abstract": "^1.20.0",
				"for-each": "^0.3.3",
				"has-tostringtag": "^1.0.0",
				"is-typed-array": "^1.1.9"
			}
		}
	}
}
