{
  "name": "@bitpay-labs/bitcore-cli",
  "version": "11.8.2",
  "lockfileVersion": 3,
  "requires": true,
  "packages": {
    "": {
      "name": "@bitpay-labs/bitcore-cli",
      "version": "11.8.2",
      "dependencies": {
        "@clack/prompts": "1.0.0-alpha.6",
        "commander": "14.0.0",
        "external-editor": "3.1.0",
        "usb": "2.15.0"
      },
      "bin": {
        "wallet": "bin/wallet"
      },
      "devDependencies": {
        "@types/chai": "5.2.2",
        "@types/mocha": "^10.0.10",
        "@types/node": "^22.14.1",
        "chai": "^5.2.1",
        "sinon": "^21.0.0",
        "source-map-support": "0.5.16",
        "typescript": "^5.8.3"
      }
    },
    "node_modules/@clack/core": {
      "version": "1.0.0-alpha.6",
      "resolved": "https://registry.npmjs.org/@clack/core/-/core-1.0.0-alpha.6.tgz",
      "integrity": "sha512-eG5P45+oShFG17u9I1DJzLkXYB1hpUgTLi32EfsMjSHLEqJUR8BOBCVFkdbUX2g08eh/HCi6UxNGpPhaac1LAA==",
      "license": "MIT",
      "dependencies": {
        "picocolors": "^1.0.0",
        "sisteransi": "^1.0.5"
      }
    },
    "node_modules/@clack/prompts": {
      "version": "1.0.0-alpha.6",
      "resolved": "https://registry.npmjs.org/@clack/prompts/-/prompts-1.0.0-alpha.6.tgz",
      "integrity": "sha512-75NCtYOgDHVBE2nLdKPTDYOaESxO0GLAKC7INREp5VbS988Xua1u+588VaGlcvXiLc/kSwc25Cd+4PeTSpY6QQ==",
      "license": "MIT",
      "dependencies": {
        "@clack/core": "1.0.0-alpha.6",
        "picocolors": "^1.0.0",
        "sisteransi": "^1.0.5"
      }
    },
    "node_modules/@sinonjs/commons": {
      "version": "3.0.1",
      "resolved": "https://registry.npmjs.org/@sinonjs/commons/-/commons-3.0.1.tgz",
      "integrity": "sha512-K3mCHKQ9sVh8o1C9cxkwxaOmXoAMlDxC1mYyHrjqOWEcBjYr76t96zL2zlj5dUGZ3HSw240X1qgH3Mjf1yJWpQ==",
      "dev": true,
      "license": "BSD-3-Clause",
      "dependencies": {
        "type-detect": "4.0.8"
      }
    },
    "node_modules/@sinonjs/fake-timers": {
      "version": "15.1.1",
      "resolved": "https://registry.npmjs.org/@sinonjs/fake-timers/-/fake-timers-15.1.1.tgz",
      "integrity": "sha512-cO5W33JgAPbOh07tvZjUOJ7oWhtaqGHiZw+11DPbyqh2kHTBc3eF/CjJDeQ4205RLQsX6rxCuYOroFQwl7JDRw==",
      "dev": true,
      "license": "BSD-3-Clause",
      "dependencies": {
        "@sinonjs/commons": "^3.0.1"
      }
    },
    "node_modules/@sinonjs/samsam": {
      "version": "9.0.2",
      "resolved": "https://registry.npmjs.org/@sinonjs/samsam/-/samsam-9.0.2.tgz",
      "integrity": "sha512-H/JSxa4GNKZuuU41E3b8Y3tbSEx8y4uq4UH1C56ONQac16HblReJomIvv3Ud7ANQHQmkeSowY49Ij972e/pGxQ==",
      "dev": true,
      "license": "BSD-3-Clause",
      "dependencies": {
        "@sinonjs/commons": "^3.0.1",
        "type-detect": "^4.1.0"
      }
    },
    "node_modules/@sinonjs/samsam/node_modules/type-detect": {
      "version": "4.1.0",
      "resolved": "https://registry.npmjs.org/type-detect/-/type-detect-4.1.0.tgz",
      "integrity": "sha512-Acylog8/luQ8L7il+geoSxhEkazvkslg7PSNKOX59mbB9cOveP5aq9h74Y7YU8yDpJwetzQQrfIwtf4Wp4LKcw==",
      "dev": true,
      "license": "MIT",
      "engines": {
        "node": ">=4"
      }
    },
    "node_modules/@types/chai": {
      "version": "5.2.2",
      "resolved": "https://registry.npmjs.org/@types/chai/-/chai-5.2.2.tgz",
      "integrity": "sha512-8kB30R7Hwqf40JPiKhVzodJs2Qc1ZJ5zuT3uzw5Hq/dhNCl3G3l83jfpdI1e20BP348+fV7VIL/+FxaXkqBmWg==",
      "dev": true,
      "license": "MIT",
      "dependencies": {
        "@types/deep-eql": "*"
      }
    },
    "node_modules/@types/deep-eql": {
      "version": "4.0.2",
      "resolved": "https://registry.npmjs.org/@types/deep-eql/-/deep-eql-4.0.2.tgz",
      "integrity": "sha512-c9h9dVVMigMPc4bwTvC5dxqtqJZwQPePsWjPlpSOnojbor6pGqdk541lfA7AqFQr5pB1BRdq0juY9db81BwyFw==",
      "dev": true,
      "license": "MIT"
    },
    "node_modules/@types/mocha": {
      "version": "10.0.10",
      "resolved": "https://registry.npmjs.org/@types/mocha/-/mocha-10.0.10.tgz",
      "integrity": "sha512-xPyYSz1cMPnJQhl0CLMH68j3gprKZaTjG3s5Vi+fDgx+uhG9NOXwbVt52eFS8ECyXhyKcjDLCBEqBExKuiZb7Q==",
      "dev": true,
      "license": "MIT"
    },
    "node_modules/@types/node": {
      "version": "22.19.15",
      "resolved": "https://registry.npmjs.org/@types/node/-/node-22.19.15.tgz",
      "integrity": "sha512-F0R/h2+dsy5wJAUe3tAU6oqa2qbWY5TpNfL/RGmo1y38hiyO1w3x2jPtt76wmuaJI4DQnOBu21cNXQ2STIUUWg==",
      "dev": true,
      "license": "MIT",
      "dependencies": {
        "undici-types": "~6.21.0"
      }
    },
    "node_modules/@types/w3c-web-usb": {
      "version": "1.0.13",
      "resolved": "https://registry.npmjs.org/@types/w3c-web-usb/-/w3c-web-usb-1.0.13.tgz",
      "integrity": "sha512-N2nSl3Xsx8mRHZBvMSdNGtzMyeleTvtlEw+ujujgXalPqOjIA6UtrqcB6OzyUjkTbDm3J7P1RNK1lgoO7jxtsw==",
      "license": "MIT"
    },
    "node_modules/assertion-error": {
      "version": "2.0.1",
      "resolved": "https://registry.npmjs.org/assertion-error/-/assertion-error-2.0.1.tgz",
      "integrity": "sha512-Izi8RQcffqCeNVgFigKli1ssklIbpHnCYc6AknXGYoB6grJqyeby7jv12JUQgmTAnIDnbck1uxksT4dzN3PWBA==",
      "dev": true,
      "license": "MIT",
      "engines": {
        "node": ">=12"
      }
    },
    "node_modules/buffer-from": {
      "version": "1.1.2",
      "resolved": "https://registry.npmjs.org/buffer-from/-/buffer-from-1.1.2.tgz",
      "integrity": "sha512-E+XQCRwSbaaiChtv6k6Dwgc+bx+Bs6vuKJHHl5kox/BaKbhiXzqQOwK4cO22yElGp2OCmjwVhT3HmxgyPGnJfQ==",
      "dev": true,
      "license": "MIT"
    },
    "node_modules/chai": {
      "version": "5.3.3",
      "resolved": "https://registry.npmjs.org/chai/-/chai-5.3.3.tgz",
      "integrity": "sha512-4zNhdJD/iOjSH0A05ea+Ke6MU5mmpQcbQsSOkgdaUMJ9zTlDTD/GYlwohmIE2u0gaxHYiVHEn1Fw9mZ/ktJWgw==",
      "dev": true,
      "license": "MIT",
      "dependencies": {
        "assertion-error": "^2.0.1",
        "check-error": "^2.1.1",
        "deep-eql": "^5.0.1",
        "loupe": "^3.1.0",
        "pathval": "^2.0.0"
      },
      "engines": {
        "node": ">=18"
      }
    },
    "node_modules/chardet": {
      "version": "0.7.0",
      "resolved": "https://registry.npmjs.org/chardet/-/chardet-0.7.0.tgz",
      "integrity": "sha512-mT8iDcrh03qDGRRmoA2hmBJnxpllMR+0/0qlzjqZES6NdiWDcZkCNAk4rPFZ9Q85r27unkiNNg8ZOiwZXBHwcA==",
      "license": "MIT"
    },
    "node_modules/check-error": {
      "version": "2.1.3",
      "resolved": "https://registry.npmjs.org/check-error/-/check-error-2.1.3.tgz",
      "integrity": "sha512-PAJdDJusoxnwm1VwW07VWwUN1sl7smmC3OKggvndJFadxxDRyFJBX/ggnu/KE4kQAB7a3Dp8f/YXC1FlUprWmA==",
      "dev": true,
      "license": "MIT",
      "engines": {
        "node": ">= 16"
      }
    },
    "node_modules/commander": {
      "version": "14.0.0",
      "resolved": "https://registry.npmjs.org/commander/-/commander-14.0.0.tgz",
      "integrity": "sha512-2uM9rYjPvyq39NwLRqaiLtWHyDC1FvryJDa2ATTVims5YAS4PupsEQsDvP14FqhFr0P49CYDugi59xaxJlTXRA==",
      "license": "MIT",
      "engines": {
        "node": ">=20"
      }
    },
    "node_modules/deep-eql": {
      "version": "5.0.2",
      "resolved": "https://registry.npmjs.org/deep-eql/-/deep-eql-5.0.2.tgz",
      "integrity": "sha512-h5k/5U50IJJFpzfL6nO9jaaumfjO/f2NjK/oYB2Djzm4p9L+3T9qWpZqZ2hAbLPuuYq9wrU08WQyBTL5GbPk5Q==",
      "dev": true,
      "license": "MIT",
      "engines": {
        "node": ">=6"
      }
    },
    "node_modules/external-editor": {
      "version": "3.1.0",
      "resolved": "https://registry.npmjs.org/external-editor/-/external-editor-3.1.0.tgz",
      "integrity": "sha512-hMQ4CX1p1izmuLYyZqLMO/qGNw10wSv9QDCPfzXfyFrOaCSSoRfqE1Kf1s5an66J5JZC62NewG+mK49jOCtQew==",
      "license": "MIT",
      "dependencies": {
        "chardet": "^0.7.0",
        "iconv-lite": "^0.4.24",
        "tmp": "^0.0.33"
      },
      "engines": {
        "node": ">=4"
      }
    },
    "node_modules/has-flag": {
      "version": "4.0.0",
      "resolved": "https://registry.npmjs.org/has-flag/-/has-flag-4.0.0.tgz",
      "integrity": "sha512-EykJT/Q1KjTWctppgIAgfSO0tKVuZUjhgMr17kqTumMl6Afv3EISleU7qZUzoXDFTAHTDC4NOoG/ZxU3EvlMPQ==",
      "dev": true,
      "license": "MIT",
      "engines": {
        "node": ">=8"
      }
    },
    "node_modules/iconv-lite": {
      "version": "0.4.24",
      "resolved": "https://registry.npmjs.org/iconv-lite/-/iconv-lite-0.4.24.tgz",
      "integrity": "sha512-v3MXnZAcvnywkTUEZomIActle7RXXeedOR31wwl7VlyoXO4Qi9arvSenNQWne1TcRwhCL1HwLI21bEqdpj8/rA==",
      "license": "MIT",
      "dependencies": {
        "safer-buffer": ">= 2.1.2 < 3"
      },
      "engines": {
        "node": ">=0.10.0"
      }
    },
    "node_modules/loupe": {
      "version": "3.2.1",
      "resolved": "https://registry.npmjs.org/loupe/-/loupe-3.2.1.tgz",
      "integrity": "sha512-CdzqowRJCeLU72bHvWqwRBBlLcMEtIvGrlvef74kMnV2AolS9Y8xUv1I0U/MNAWMhBlKIoyuEgoJ0t/bbwHbLQ==",
      "dev": true,
      "license": "MIT"
    },
    "node_modules/node-addon-api": {
      "version": "8.6.0",
      "resolved": "https://registry.npmjs.org/node-addon-api/-/node-addon-api-8.6.0.tgz",
      "integrity": "sha512-gBVjCaqDlRUk0EwoPNKzIr9KkS9041G/q31IBShPs1Xz6UTA+EXdZADbzqAJQrpDRq71CIMnOP5VMut3SL0z5Q==",
      "license": "MIT",
      "engines": {
        "node": "^18 || ^20 || >= 21"
      }
    },
    "node_modules/node-gyp-build": {
      "version": "4.8.4",
      "resolved": "https://registry.npmjs.org/node-gyp-build/-/node-gyp-build-4.8.4.tgz",
      "integrity": "sha512-LA4ZjwlnUblHVgq0oBF3Jl/6h/Nvs5fzBLwdEF4nuxnFdsfajde4WfxtJr3CaiH+F6ewcIB/q4jQ4UzPyid+CQ==",
      "license": "MIT",
      "bin": {
        "node-gyp-build": "bin.js",
        "node-gyp-build-optional": "optional.js",
        "node-gyp-build-test": "build-test.js"
      }
    },
    "node_modules/os-tmpdir": {
      "version": "1.0.2",
      "resolved": "https://registry.npmjs.org/os-tmpdir/-/os-tmpdir-1.0.2.tgz",
      "integrity": "sha512-D2FR03Vir7FIu45XBY20mTb+/ZSWB00sjU9jdQXt83gDrI4Ztz5Fs7/yy74g2N5SVQY4xY1qDr4rNddwYRVX0g==",
      "license": "MIT",
      "engines": {
        "node": ">=0.10.0"
      }
    },
    "node_modules/pathval": {
      "version": "2.0.1",
      "resolved": "https://registry.npmjs.org/pathval/-/pathval-2.0.1.tgz",
      "integrity": "sha512-//nshmD55c46FuFw26xV/xFAaB5HF9Xdap7HJBBnrKdAd6/GxDBaNA1870O79+9ueg61cZLSVc+OaFlfmObYVQ==",
      "dev": true,
      "license": "MIT",
      "engines": {
        "node": ">= 14.16"
      }
    },
    "node_modules/picocolors": {
      "version": "1.1.1",
      "resolved": "https://registry.npmjs.org/picocolors/-/picocolors-1.1.1.tgz",
      "integrity": "sha512-xceH2snhtb5M9liqDsmEw56le376mTZkEX/jEb/RxNFyegNul7eNslCXP9FDj/Lcu0X8KEyMceP2ntpaHrDEVA==",
      "license": "ISC"
    },
    "node_modules/safer-buffer": {
      "version": "2.1.2",
      "resolved": "https://registry.npmjs.org/safer-buffer/-/safer-buffer-2.1.2.tgz",
      "integrity": "sha512-YZo3K82SD7Riyi0E1EQPojLz7kpepnSQI9IyPbHHg1XXXevb5dJI7tpyN2ADxGcQbHG7vcyRHk0cbwqcQriUtg==",
      "license": "MIT"
    },
    "node_modules/sinon": {
      "version": "21.0.2",
      "resolved": "https://registry.npmjs.org/sinon/-/sinon-21.0.2.tgz",
      "integrity": "sha512-VHV4UaoxIe5jrMd89Y9duI76T5g3Lp+ET+ctLhLDaZtSznDPah1KKpRElbdBV4RwqWSw2vadFiVs9Del7MbVeQ==",
      "dev": true,
      "license": "BSD-3-Clause",
      "dependencies": {
        "@sinonjs/commons": "^3.0.1",
        "@sinonjs/fake-timers": "^15.1.1",
        "@sinonjs/samsam": "^9.0.2",
        "diff": "^8.0.3",
        "supports-color": "^7.2.0"
      },
      "funding": {
        "type": "opencollective",
        "url": "https://opencollective.com/sinon"
      }
    },
    "node_modules/sinon/node_modules/diff": {
      "version": "8.0.3",
      "resolved": "https://registry.npmjs.org/diff/-/diff-8.0.3.tgz",
      "integrity": "sha512-qejHi7bcSD4hQAZE0tNAawRK1ZtafHDmMTMkrrIGgSLl7hTnQHmKCeB45xAcbfTqK2zowkM3j3bHt/4b/ARbYQ==",
      "dev": true,
      "license": "BSD-3-Clause",
      "engines": {
        "node": ">=0.3.1"
      }
    },
    "node_modules/sinon/node_modules/supports-color": {
      "version": "7.2.0",
      "resolved": "https://registry.npmjs.org/supports-color/-/supports-color-7.2.0.tgz",
      "integrity": "sha512-qpCAvRl9stuOHveKsn7HncJRvv501qIacKzQlO/+Lwxc9+0q2wLyv4Dfvt80/DPn2pqOBsJdDiogXGR9+OvwRw==",
      "dev": true,
      "license": "MIT",
      "dependencies": {
        "has-flag": "^4.0.0"
      },
      "engines": {
        "node": ">=8"
      }
    },
    "node_modules/sisteransi": {
      "version": "1.0.5",
      "resolved": "https://registry.npmjs.org/sisteransi/-/sisteransi-1.0.5.tgz",
      "integrity": "sha512-bLGGlR1QxBcynn2d5YmDX4MGjlZvy2MRBDRNHLJ8VI6l6+9FUiyTFNJ0IveOSP0bcXgVDPRcfGqA0pjaqUpfVg==",
      "license": "MIT"
    },
    "node_modules/source-map": {
      "version": "0.6.1",
      "resolved": "https://registry.npmjs.org/source-map/-/source-map-0.6.1.tgz",
      "integrity": "sha512-UjgapumWlbMhkBgzT7Ykc5YXUT46F0iKu8SGXq0bcwP5dz/h0Plj6enJqjz1Zbq2l5WaqYnrVbwWOWMyF3F47g==",
      "dev": true,
      "license": "BSD-3-Clause",
      "engines": {
        "node": ">=0.10.0"
      }
    },
    "node_modules/source-map-support": {
      "version": "0.5.16",
      "resolved": "https://registry.npmjs.org/source-map-support/-/source-map-support-0.5.16.tgz",
      "integrity": "sha512-efyLRJDr68D9hBBNIPWFjhpFzURh+KJykQwvMyW5UiZzYwoF6l4YMMDIJJEyFWxWCqfyxLzz6tSfUFR+kXXsVQ==",
      "dev": true,
      "license": "MIT",
      "dependencies": {
        "buffer-from": "^1.0.0",
        "source-map": "^0.6.0"
      }
    },
    "node_modules/tmp": {
      "version": "0.0.33",
      "resolved": "https://registry.npmjs.org/tmp/-/tmp-0.0.33.tgz",
      "integrity": "sha512-jRCJlojKnZ3addtTOjdIqoRuPEKBvNXcGYqzO6zWZX8KfKEpnGY5jfggJQ3EjKuu8D4bJRr0y+cYJFmYbImXGw==",
      "license": "MIT",
      "dependencies": {
        "os-tmpdir": "~1.0.2"
      },
      "engines": {
        "node": ">=0.6.0"
      }
    },
    "node_modules/type-detect": {
      "version": "4.0.8",
      "resolved": "https://registry.npmjs.org/type-detect/-/type-detect-4.0.8.tgz",
      "integrity": "sha512-0fr/mIH1dlO+x7TlcMy+bIDqKPsw/70tVyeHW787goQjhmqaZe10uwLujubK9q9Lg6Fiho1KUKDYz0Z7k7g5/g==",
      "dev": true,
      "license": "MIT",
      "engines": {
        "node": ">=4"
      }
    },
    "node_modules/typescript": {
      "version": "5.9.3",
      "resolved": "https://registry.npmjs.org/typescript/-/typescript-5.9.3.tgz",
      "integrity": "sha512-jl1vZzPDinLr9eUt3J/t7V6FgNEw9QjvBPdysz9KfQDD41fQrC2Y4vKQdiaUpFT4bXlb1RHhLpp8wtm6M5TgSw==",
      "dev": true,
      "license": "Apache-2.0",
      "bin": {
        "tsc": "bin/tsc",
        "tsserver": "bin/tsserver"
      },
      "engines": {
        "node": ">=14.17"
      }
    },
    "node_modules/undici-types": {
      "version": "6.21.0",
      "resolved": "https://registry.npmjs.org/undici-types/-/undici-types-6.21.0.tgz",
      "integrity": "sha512-iwDZqg0QAGrg9Rav5H4n0M64c3mkR59cJ6wQp+7C4nI0gsmExaedaYLNO44eT4AtBBwjbTiGPMlt2Md0T9H9JQ==",
      "dev": true,
      "license": "MIT"
    },
    "node_modules/usb": {
      "version": "2.15.0",
      "resolved": "https://registry.npmjs.org/usb/-/usb-2.15.0.tgz",
      "integrity": "sha512-BA9r7PFxyYp99wps1N70lIqdPb2Utcl2KkWohDtWUmhDBeM5hDH1Zl/L/CZvWxd5W3RUCNm1g+b+DEKZ6cHzqg==",
      "hasInstallScript": true,
      "license": "MIT",
      "dependencies": {
        "@types/w3c-web-usb": "^1.0.6",
        "node-addon-api": "^8.0.0",
        "node-gyp-build": "^4.5.0"
      },
      "engines": {
        "node": ">=12.22.0 <13.0 || >=14.17.0"
      }
    }
  }
}
