{
	"name": "bitcore-p2p",
	"version": "8.21.0",
	"lockfileVersion": 1,
	"requires": true,
	"dependencies": {
		"acorn": {
			"version": "7.1.1",
			"resolved": "https://registry.npmjs.org/acorn/-/acorn-7.1.1.tgz",
			"integrity": "sha512-add7dgA5ppRPxCFJoAGfMDi7PIBXq1RtGo7BhbLaxwrXPOmw8gq48Y9ozT01hUKy9byMjlR20EJhu5zlkErEkg==",
			"dev": true
		},
		"assertion-error": {
			"version": "1.0.0",
			"resolved": "https://registry.npmjs.org/assertion-error/-/assertion-error-1.0.0.tgz",
			"integrity": "sha1-x/hUOP3UZrx8oWq5DIFRN5el0js=",
			"dev": true
		},
		"async": {
			"version": "0.2.10",
			"resolved": "https://registry.npmjs.org/async/-/async-0.2.10.tgz",
			"integrity": "sha1-trvgsGdLnXGXCMo43owjfLUmw9E="
		},
		"balanced-match": {
			"version": "1.0.0",
			"resolved": "https://registry.npmjs.org/balanced-match/-/balanced-match-1.0.0.tgz",
			"integrity": "sha1-ibTRmasr7kneFk6gK4nORi1xt2c="
		},
		"bloom-filter": {
			"version": "0.2.0",
			"resolved": "https://registry.npmjs.org/bloom-filter/-/bloom-filter-0.2.0.tgz",
			"integrity": "sha1-hNY7v5Fy2DA+ZMH/FuudvzOpgaM="
		},
		"brace-expansion": {
			"version": "1.1.11",
			"resolved": "https://registry.npmjs.org/brace-expansion/-/brace-expansion-1.1.11.tgz",
			"integrity": "sha512-iCuPHDFgrHX7H2vEI/5xpz07zSHB00TpugqhmYtVmMO6518mCuRMoOYFldEBl0g187ufozdaHgWKcYFb61qGiA==",
			"requires": {
				"balanced-match": "^1.0.0",
				"concat-map": "0.0.1"
			}
		},
		"brfs": {
			"version": "1.6.1",
			"resolved": "https://registry.npmjs.org/brfs/-/brfs-1.6.1.tgz",
			"integrity": "sha512-OfZpABRQQf+Xsmju8XE9bDjs+uU4vLREGolP7bDgcpsI17QREyZ4Bl+2KLxxx1kCgA0fAIhKQBaBYh+PEcCqYQ==",
			"dev": true,
			"requires": {
				"quote-stream": "^1.0.1",
				"resolve": "^1.1.5",
				"static-module": "^2.2.0",
				"through2": "^2.0.0"
			}
		},
		"buffer-equal": {
			"version": "0.0.1",
			"resolved": "https://registry.npmjs.org/buffer-equal/-/buffer-equal-0.0.1.tgz",
			"integrity": "sha1-kbx0sR6kBbyRa8aqkI+q+ltKrEs=",
			"dev": true
		},
		"buffer-from": {
			"version": "1.1.1",
			"resolved": "https://registry.npmjs.org/buffer-from/-/buffer-from-1.1.1.tgz",
			"integrity": "sha512-MQcXEUbCKtEo7bhqEs6560Hyd4XaovZlO/k9V3hjVUF/zwW7KBVdSK4gIt/bzwS9MbR5qob+F5jusZsb0YQK2A==",
			"dev": true
		},
		"buffers": {
			"version": "github:bitpay/node-buffers#04f4c4264e0d105db2b99b786843ed64f23230d8",
			"from": "github:bitpay/node-buffers#v0.1.2-bitpay"
		},
		"chai": {
			"version": "1.10.0",
			"resolved": "https://registry.npmjs.org/chai/-/chai-1.10.0.tgz",
			"integrity": "sha1-5AMcyHZURhp1lD5aNatG6vOcHrk=",
			"dev": true,
			"requires": {
				"assertion-error": "1.0.0",
				"deep-eql": "0.1.3"
			}
		},
		"cli": {
			"version": "0.4.5",
			"resolved": "https://registry.npmjs.org/cli/-/cli-0.4.5.tgz",
			"integrity": "sha1-ePlIXNFhtWbppsctcXDEJw6B22E=",
			"requires": {
				"glob": ">= 3.1.4"
			}
		},
		"cliff": {
			"version": "0.1.10",
			"resolved": "https://registry.npmjs.org/cliff/-/cliff-0.1.10.tgz",
			"integrity": "sha1-U74z6p9ZvshWCe4wCsQgdgPlIBM=",
			"requires": {
				"colors": "~1.0.3",
				"eyes": "~0.1.8",
				"winston": "0.8.x"
			}
		},
		"colors": {
			"version": "1.0.3",
			"resolved": "https://registry.npmjs.org/colors/-/colors-1.0.3.tgz",
			"integrity": "sha1-BDP0TYCWgP3rYO0mDxsMJi6CpAs="
		},
		"concat-map": {
			"version": "0.0.1",
			"resolved": "https://registry.npmjs.org/concat-map/-/concat-map-0.0.1.tgz",
			"integrity": "sha1-2Klr13/Wjfd5OnMDajug1UBdR3s="
		},
		"concat-stream": {
			"version": "1.6.2",
			"resolved": "https://registry.npmjs.org/concat-stream/-/concat-stream-1.6.2.tgz",
			"integrity": "sha512-27HBghJxjiZtIk3Ycvn/4kbJk/1uZuJFfuPEns6LaEvpvG1f0hTea8lilrouyo9mVc2GWdcEZ8OLoGmSADlrCw==",
			"dev": true,
			"requires": {
				"buffer-from": "^1.0.0",
				"inherits": "^2.0.3",
				"readable-stream": "^2.2.2",
				"typedarray": "^0.0.6"
			}
		},
		"convert-source-map": {
			"version": "1.7.0",
			"resolved": "https://registry.npmjs.org/convert-source-map/-/convert-source-map-1.7.0.tgz",
			"integrity": "sha512-4FJkXzKXEDB1snCFZlLP4gpC3JILicCpGbzG9f9G7tGqGCzETQ2hWPrcinA9oU4wtf2biUaEH5065UnMeR33oA==",
			"dev": true,
			"requires": {
				"safe-buffer": "~5.1.1"
			}
		},
		"core-util-is": {
			"version": "1.0.2",
			"resolved": "https://registry.npmjs.org/core-util-is/-/core-util-is-1.0.2.tgz",
			"integrity": "sha1-tf1UIgqivFq1eqtxQMlAdUUDwac=",
			"dev": true
		},
		"cycle": {
			"version": "1.0.3",
			"resolved": "https://registry.npmjs.org/cycle/-/cycle-1.0.3.tgz",
			"integrity": "sha1-IegLK+hYD5i0aPN5QwZisEbDStI="
		},
		"deep-eql": {
			"version": "0.1.3",
			"resolved": "https://registry.npmjs.org/deep-eql/-/deep-eql-0.1.3.tgz",
			"integrity": "sha1-71WKyrjeJSBs1xOQbXTlaTDrafI=",
			"dev": true,
			"requires": {
				"type-detect": "0.1.1"
			}
		},
		"deep-is": {
			"version": "0.1.3",
			"resolved": "https://registry.npmjs.org/deep-is/-/deep-is-0.1.3.tgz",
			"integrity": "sha1-s2nW+128E+7PUk+RsHD+7cNXzzQ=",
			"dev": true
		},
		"duplexer2": {
			"version": "0.1.4",
			"resolved": "https://registry.npmjs.org/duplexer2/-/duplexer2-0.1.4.tgz",
			"integrity": "sha1-ixLauHjA1p4+eJEFFmKjL8a93ME=",
			"dev": true,
			"requires": {
				"readable-stream": "^2.0.2"
			}
		},
		"escodegen": {
			"version": "1.9.1",
			"resolved": "https://registry.npmjs.org/escodegen/-/escodegen-1.9.1.tgz",
			"integrity": "sha512-6hTjO1NAWkHnDk3OqQ4YrCuwwmGHL9S3nPlzBOUG/R44rda3wLNrfvQ5fkSGjyhHFKM7ALPKcKGrwvCLe0lC7Q==",
			"dev": true,
			"requires": {
				"esprima": "^3.1.3",
				"estraverse": "^4.2.0",
				"esutils": "^2.0.2",
				"optionator": "^0.8.1",
				"source-map": "~0.6.1"
			}
		},
		"esprima": {
			"version": "3.1.3",
			"resolved": "https://registry.npmjs.org/esprima/-/esprima-3.1.3.tgz",
			"integrity": "sha1-/cpRzuYTOJXjyI1TXOSdv/YqRjM=",
			"dev": true
		},
		"estraverse": {
			"version": "4.3.0",
			"resolved": "https://registry.npmjs.org/estraverse/-/estraverse-4.3.0.tgz",
			"integrity": "sha512-39nnKffWz8xN1BU/2c79n9nB9HDzo0niYUqx6xyqUnyoAnQyyWpOTdZEeiCch8BBu515t4wp9ZmgVfVhn9EBpw==",
			"dev": true
		},
		"esutils": {
			"version": "2.0.3",
			"resolved": "https://registry.npmjs.org/esutils/-/esutils-2.0.3.tgz",
			"integrity": "sha512-kVscqXk4OCp68SZ0dkgEKVi6/8ij300KBWTJq32P/dYeWTSwK41WyTxalN1eRmA5Z9UU/LX9D7FWSmV9SAYx6g==",
			"dev": true
		},
		"eyes": {
			"version": "0.1.8",
			"resolved": "https://registry.npmjs.org/eyes/-/eyes-0.1.8.tgz",
			"integrity": "sha1-Ys8SAjTGg3hdkCNIqADvPgzCC8A="
		},
		"falafel": {
			"version": "2.2.4",
			"resolved": "https://registry.npmjs.org/falafel/-/falafel-2.2.4.tgz",
			"integrity": "sha512-0HXjo8XASWRmsS0X1EkhwEMZaD3Qvp7FfURwjLKjG1ghfRm/MGZl2r4cWUTv41KdNghTw4OUMmVtdGQp3+H+uQ==",
			"dev": true,
			"requires": {
				"acorn": "^7.1.1",
				"foreach": "^2.0.5",
				"isarray": "^2.0.1",
				"object-keys": "^1.0.6"
			},
			"dependencies": {
				"isarray": {
					"version": "2.0.5",
					"resolved": "https://registry.npmjs.org/isarray/-/isarray-2.0.5.tgz",
					"integrity": "sha512-xHjhDr3cNBK0BzdUJSPXZntQUx/mwMS5Rw4A7lPJ90XGAO6ISP/ePDNuo0vhqOZU+UD5JoodwCAAoZQd3FeAKw==",
					"dev": true
				}
			}
		},
		"fast-levenshtein": {
			"version": "2.0.6",
			"resolved": "https://registry.npmjs.org/fast-levenshtein/-/fast-levenshtein-2.0.6.tgz",
			"integrity": "sha1-PYpcZog6FqMMqGQ+hR8Zuqd5eRc=",
			"dev": true
		},
		"foreach": {
			"version": "2.0.5",
			"resolved": "https://registry.npmjs.org/foreach/-/foreach-2.0.5.tgz",
			"integrity": "sha1-C+4AUBiusmDQo6865ljdATbsG5k=",
			"dev": true
		},
		"formatio": {
			"version": "1.1.1",
			"resolved": "https://registry.npmjs.org/formatio/-/formatio-1.1.1.tgz",
			"integrity": "sha1-XtPM1jZVEJc4NGXZlhmRAOhhYek=",
			"dev": true,
			"requires": {
				"samsam": "~1.1"
			}
		},
		"fs.realpath": {
			"version": "1.0.0",
			"resolved": "https://registry.npmjs.org/fs.realpath/-/fs.realpath-1.0.0.tgz",
			"integrity": "sha1-FQStJSMVjKpA20onh8sBQRmU6k8="
		},
		"function-bind": {
			"version": "1.1.1",
			"resolved": "https://registry.npmjs.org/function-bind/-/function-bind-1.1.1.tgz",
			"integrity": "sha512-yIovAzMX49sF8Yl58fSCWJ5svSLuaibPxXQJFLmBObTuCr0Mf1KiPopGM9NiFjiYBCbfaa2Fh6breQ6ANVTI0A==",
			"dev": true
		},
		"glob": {
			"version": "7.1.6",
			"resolved": "https://registry.npmjs.org/glob/-/glob-7.1.6.tgz",
			"integrity": "sha512-LwaxwyZ72Lk7vZINtNNrywX0ZuLyStrdDtabefZKAY5ZGJhVtgdznluResxNmPitE0SAO+O26sWTHeKSI2wMBA==",
			"requires": {
				"fs.realpath": "^1.0.0",
				"inflight": "^1.0.4",
				"inherits": "2",
				"minimatch": "^3.0.4",
				"once": "^1.3.0",
				"path-is-absolute": "^1.0.0"
			}
		},
		"has": {
			"version": "1.0.3",
			"resolved": "https://registry.npmjs.org/has/-/has-1.0.3.tgz",
			"integrity": "sha512-f2dvO0VU6Oej7RkWJGrehjbzMAjFp5/VKPp5tTpWIV4JHHZK1/BxbFRtf/siA2SWTe09caDmVtYYzWEIbBS4zw==",
			"dev": true,
			"requires": {
				"function-bind": "^1.1.1"
			}
		},
		"inflight": {
			"version": "1.0.6",
			"resolved": "https://registry.npmjs.org/inflight/-/inflight-1.0.6.tgz",
			"integrity": "sha1-Sb1jMdfQLQwJvJEKEHW6gWW1bfk=",
			"requires": {
				"once": "^1.3.0",
				"wrappy": "1"
			}
		},
		"inherits": {
			"version": "2.0.4",
			"resolved": "https://registry.npmjs.org/inherits/-/inherits-2.0.4.tgz",
			"integrity": "sha512-k/vGaX4/Yla3WzyMCvTQOXYeIHvqOKtnqBduzTHpzpQZzAskKMhZ2K+EnBiSM9zGSoIFeMpXKxa4dYeZIQqewQ=="
		},
		"ipv6": {
			"version": "3.1.3",
			"resolved": "https://registry.npmjs.org/ipv6/-/ipv6-3.1.3.tgz",
			"integrity": "sha1-TZBk+cLa+g3RC4t9dv/KSq0xs7k=",
			"requires": {
				"cli": "0.4.x",
				"cliff": "0.1.x",
				"sprintf": "0.1.x"
			}
		},
		"is-arguments": {
			"version": "1.0.4",
			"resolved": "https://registry.npmjs.org/is-arguments/-/is-arguments-1.0.4.tgz",
			"integrity": "sha512-xPh0Rmt8NE65sNzvyUmWgI1tz3mKq74lGA0mL8LYZcoIzKOzDh6HmrYm3d18k60nHerC8A9Km8kYu87zfSFnLA==",
			"dev": true
		},
		"is-generator-function": {
			"version": "1.0.7",
			"resolved": "https://registry.npmjs.org/is-generator-function/-/is-generator-function-1.0.7.tgz",
			"integrity": "sha512-YZc5EwyO4f2kWCax7oegfuSr9mFz1ZvieNYBEjmukLxgXfBUbxAWGVF7GZf0zidYtoBl3WvC07YK0wT76a+Rtw==",
			"dev": true
		},
		"isarray": {
			"version": "1.0.0",
			"resolved": "https://registry.npmjs.org/isarray/-/isarray-1.0.0.tgz",
			"integrity": "sha1-u5NdSFgsuhaMBoNJV6VKPgcSTxE=",
			"dev": true
		},
		"isstream": {
			"version": "0.1.2",
			"resolved": "https://registry.npmjs.org/isstream/-/isstream-0.1.2.tgz",
			"integrity": "sha1-R+Y/evVa+m+S4VAOaQ64uFKcCZo="
		},
		"levn": {
			"version": "0.3.0",
			"resolved": "https://registry.npmjs.org/levn/-/levn-0.3.0.tgz",
			"integrity": "sha1-OwmSTt+fCDwEkP3UwLxEIeBHZO4=",
			"dev": true,
			"requires": {
				"prelude-ls": "~1.1.2",
				"type-check": "~0.3.2"
			}
		},
		"lolex": {
			"version": "1.3.2",
			"resolved": "https://registry.npmjs.org/lolex/-/lolex-1.3.2.tgz",
			"integrity": "sha1-fD2mL/yzDw9agKJWbKJORdigHzE=",
			"dev": true
		},
		"magic-string": {
			"version": "0.22.5",
			"resolved": "https://registry.npmjs.org/magic-string/-/magic-string-0.22.5.tgz",
			"integrity": "sha512-oreip9rJZkzvA8Qzk9HFs8fZGF/u7H/gtrE8EN6RjKJ9kh2HlC+yQ2QezifqTZfGyiuAV0dRv5a+y/8gBb1m9w==",
			"dev": true,
			"requires": {
				"vlq": "^0.2.2"
			}
		},
		"merge-source-map": {
			"version": "1.0.4",
			"resolved": "https://registry.npmjs.org/merge-source-map/-/merge-source-map-1.0.4.tgz",
			"integrity": "sha1-pd5GU42uhNQRTMXqArR3KmNGcB8=",
			"dev": true,
			"requires": {
				"source-map": "^0.5.6"
			},
			"dependencies": {
				"source-map": {
					"version": "0.5.7",
					"resolved": "https://registry.npmjs.org/source-map/-/source-map-0.5.7.tgz",
					"integrity": "sha1-igOdLRAh0i0eoUyA2OpGi6LvP8w=",
					"dev": true
				}
			}
		},
		"minimatch": {
			"version": "3.0.4",
			"resolved": "https://registry.npmjs.org/minimatch/-/minimatch-3.0.4.tgz",
			"integrity": "sha512-yJHVQEhyqPLUTgt9B83PXu6W3rx4MvvHvSUvToogpwoGDOUQ+yDrR0HRot+yOCdCO7u4hX3pWft6kWBBcqh0UA==",
			"requires": {
				"brace-expansion": "^1.1.7"
			}
		},
		"minimist": {
			"version": "1.2.5",
			"resolved": "https://registry.npmjs.org/minimist/-/minimist-1.2.5.tgz",
			"integrity": "sha512-FM9nNUYrRBAELZQT3xeZQ7fmMOBg6nWNmJKTcgsJeaLstP/UODVpGsr5OhXhhXg6f+qtJ8uiZ+PUxkDWcgIXLw==",
			"dev": true
		},
		"network-byte-order": {
			"version": "0.2.0",
			"resolved": "https://registry.npmjs.org/network-byte-order/-/network-byte-order-0.2.0.tgz",
			"integrity": "sha1-asEb9Ev2ENrt2+kKCaXIF8bg0rM="
		},
		"object-inspect": {
			"version": "1.4.1",
			"resolved": "https://registry.npmjs.org/object-inspect/-/object-inspect-1.4.1.tgz",
			"integrity": "sha512-wqdhLpfCUbEsoEwl3FXwGyv8ief1k/1aUdIPCqVnupM6e8l63BEJdiF/0swtn04/8p05tG/T0FrpTlfwvljOdw==",
			"dev": true
		},
		"object-keys": {
			"version": "1.1.1",
			"resolved": "https://registry.npmjs.org/object-keys/-/object-keys-1.1.1.tgz",
			"integrity": "sha512-NuAESUOUMrlIXOfHKzD6bpPu3tYt3xvjNdRIQ+FeT0lNb4K8WR70CaDxhuNguS2XG+GjkyMwOzsN5ZktImfhLA==",
			"dev": true
		},
		"once": {
			"version": "1.4.0",
			"resolved": "https://registry.npmjs.org/once/-/once-1.4.0.tgz",
			"integrity": "sha1-WDsap3WWHUsROsF9nFC6753Xa9E=",
			"requires": {
				"wrappy": "1"
			}
		},
		"optionator": {
			"version": "0.8.3",
			"resolved": "https://registry.npmjs.org/optionator/-/optionator-0.8.3.tgz",
			"integrity": "sha512-+IW9pACdk3XWmmTXG8m3upGUJst5XRGzxMRjXzAuJ1XnIFNvfhjjIuYkDvysnPQ7qzqVzLt78BCruntqRhWQbA==",
			"dev": true,
			"requires": {
				"deep-is": "~0.1.3",
				"fast-levenshtein": "~2.0.6",
				"levn": "~0.3.0",
				"prelude-ls": "~1.1.2",
				"type-check": "~0.3.2",
				"word-wrap": "~1.2.3"
			}
		},
		"path-is-absolute": {
			"version": "1.0.1",
			"resolved": "https://registry.npmjs.org/path-is-absolute/-/path-is-absolute-1.0.1.tgz",
			"integrity": "sha1-F0uSaHNVNP+8es5r9TpanhtcX18="
		},
		"path-parse": {
			"version": "1.0.6",
			"resolved": "https://registry.npmjs.org/path-parse/-/path-parse-1.0.6.tgz",
			"integrity": "sha512-GSmOT2EbHrINBf9SR7CDELwlJ8AENk3Qn7OikK4nFYAu3Ote2+JYNVvkpAEQm3/TLNEJFD/xZJjzyxg3KBWOzw==",
			"dev": true
		},
		"pkginfo": {
			"version": "0.3.1",
			"resolved": "https://registry.npmjs.org/pkginfo/-/pkginfo-0.3.1.tgz",
			"integrity": "sha1-Wyn2qB9wcXFC4J52W76rl7T4HiE="
		},
		"prelude-ls": {
			"version": "1.1.2",
			"resolved": "https://registry.npmjs.org/prelude-ls/-/prelude-ls-1.1.2.tgz",
			"integrity": "sha1-IZMqVJ9eUv/ZqCf1cOBL5iqX2lQ=",
			"dev": true
		},
		"process-nextick-args": {
			"version": "2.0.1",
			"resolved": "https://registry.npmjs.org/process-nextick-args/-/process-nextick-args-2.0.1.tgz",
			"integrity": "sha512-3ouUOpQhtgrbOa17J7+uxOTpITYWaGP7/AhoR3+A+/1e9skrzelGi/dXzEYyvbxubEF6Wn2ypscTKiKJFFn1ag==",
			"dev": true
		},
		"quote-stream": {
			"version": "1.0.2",
			"resolved": "https://registry.npmjs.org/quote-stream/-/quote-stream-1.0.2.tgz",
			"integrity": "sha1-hJY/jJwmuULhU/7rU6rnRlK34LI=",
			"dev": true,
			"requires": {
				"buffer-equal": "0.0.1",
				"minimist": "^1.1.3",
				"through2": "^2.0.0"
			}
		},
		"readable-stream": {
			"version": "2.3.7",
			"resolved": "https://registry.npmjs.org/readable-stream/-/readable-stream-2.3.7.tgz",
			"integrity": "sha512-Ebho8K4jIbHAxnuxi7o42OrZgF/ZTNcsZj6nRKyUmkhLFq8CHItp/fy6hQZuZmP/n3yZ9VBUbp4zz/mX8hmYPw==",
			"dev": true,
			"requires": {
				"core-util-is": "~1.0.0",
				"inherits": "~2.0.3",
				"isarray": "~1.0.0",
				"process-nextick-args": "~2.0.0",
				"safe-buffer": "~5.1.1",
				"string_decoder": "~1.1.1",
				"util-deprecate": "~1.0.1"
			}
		},
		"resolve": {
			"version": "1.15.1",
			"resolved": "https://registry.npmjs.org/resolve/-/resolve-1.15.1.tgz",
			"integrity": "sha512-84oo6ZTtoTUpjgNEr5SJyzQhzL72gaRodsSfyxC/AXRvwu0Yse9H8eF9IpGo7b8YetZhlI6v7ZQ6bKBFV/6S7w==",
			"dev": true,
			"requires": {
				"path-parse": "^1.0.6"
			}
		},
		"safe-buffer": {
			"version": "5.1.2",
			"resolved": "https://registry.npmjs.org/safe-buffer/-/safe-buffer-5.1.2.tgz",
			"integrity": "sha512-Gd2UZBJDkXlY7GbJxfsE8/nvKkUEU1G38c1siN6QP6a9PT9MmHB8GnpscSmMJSoF8LOIrt8ud/wPtojys4G6+g==",
			"dev": true
		},
		"samsam": {
			"version": "1.1.2",
			"resolved": "https://registry.npmjs.org/samsam/-/samsam-1.1.2.tgz",
			"integrity": "sha1-vsEf3IOp/aBjQBIQ5AF2wwJNFWc=",
			"dev": true
		},
		"shallow-copy": {
			"version": "0.0.1",
			"resolved": "https://registry.npmjs.org/shallow-copy/-/shallow-copy-0.0.1.tgz",
			"integrity": "sha1-QV9CcC1z2BAzApLMXuhurhoRoXA=",
			"dev": true
		},
		"sinon": {
			"version": "1.17.7",
			"resolved": "https://registry.npmjs.org/sinon/-/sinon-1.17.7.tgz",
			"integrity": "sha1-RUKk9JugxFwF6y6d2dID4rjv4L8=",
			"dev": true,
			"requires": {
				"formatio": "1.1.1",
				"lolex": "1.3.2",
				"samsam": "1.1.2",
				"util": ">=0.10.3 <1"
			}
		},
		"socks5-client": {
			"version": "0.3.6",
			"resolved": "https://registry.npmjs.org/socks5-client/-/socks5-client-0.3.6.tgz",
			"integrity": "sha1-QgW1eR8t93zwdSciJVj+TkasovE=",
			"requires": {
				"ipv6": "~3.1.1",
				"network-byte-order": "~0.2.0"
			}
		},
		"source-map": {
			"version": "0.6.1",
			"resolved": "https://registry.npmjs.org/source-map/-/source-map-0.6.1.tgz",
			"integrity": "sha512-UjgapumWlbMhkBgzT7Ykc5YXUT46F0iKu8SGXq0bcwP5dz/h0Plj6enJqjz1Zbq2l5WaqYnrVbwWOWMyF3F47g==",
			"dev": true,
			"optional": true
		},
		"sprintf": {
			"version": "0.1.5",
			"resolved": "https://registry.npmjs.org/sprintf/-/sprintf-0.1.5.tgz",
			"integrity": "sha1-j4PjmpMXwaUCy324BQ5Rxnn27c8="
		},
		"stack-trace": {
			"version": "0.0.10",
			"resolved": "https://registry.npmjs.org/stack-trace/-/stack-trace-0.0.10.tgz",
			"integrity": "sha1-VHxws0fo0ytOEI6hoqFZ5f3eGcA="
		},
		"static-eval": {
			"version": "2.0.5",
			"resolved": "https://registry.npmjs.org/static-eval/-/static-eval-2.0.5.tgz",
			"integrity": "sha512-nNbV6LbGtMBgv7e9LFkt5JV8RVlRsyJrphfAt9tOtBBW/SfnzZDf2KnS72an8e434A+9e/BmJuTxeGPvrAK7KA==",
			"dev": true,
			"requires": {
				"escodegen": "^1.11.1"
			},
			"dependencies": {
				"escodegen": {
					"version": "1.14.1",
					"resolved": "https://registry.npmjs.org/escodegen/-/escodegen-1.14.1.tgz",
					"integrity": "sha512-Bmt7NcRySdIfNPfU2ZoXDrrXsG9ZjvDxcAlMfDUgRBjLOWTuIACXPBFJH7Z+cLb40JeQco5toikyc9t9P8E9SQ==",
					"dev": true,
					"requires": {
						"esprima": "^4.0.1",
						"estraverse": "^4.2.0",
						"esutils": "^2.0.2",
						"optionator": "^0.8.1",
						"source-map": "~0.6.1"
					}
				},
				"esprima": {
					"version": "4.0.1",
					"resolved": "https://registry.npmjs.org/esprima/-/esprima-4.0.1.tgz",
					"integrity": "sha512-eGuFFw7Upda+g4p+QHvnW0RyTX/SVeJBDM/gCtMARO0cLuT2HcEKnTPvhjV6aGeqrCB/sbNop0Kszm0jsaWU4A==",
					"dev": true
				}
			}
		},
		"static-module": {
			"version": "2.2.5",
			"resolved": "https://registry.npmjs.org/static-module/-/static-module-2.2.5.tgz",
			"integrity": "sha512-D8vv82E/Kpmz3TXHKG8PPsCPg+RAX6cbCOyvjM6x04qZtQ47EtJFVwRsdov3n5d6/6ynrOY9XB4JkaZwB2xoRQ==",
			"dev": true,
			"requires": {
				"concat-stream": "~1.6.0",
				"convert-source-map": "^1.5.1",
				"duplexer2": "~0.1.4",
				"escodegen": "~1.9.0",
				"falafel": "^2.1.0",
				"has": "^1.0.1",
				"magic-string": "^0.22.4",
				"merge-source-map": "1.0.4",
				"object-inspect": "~1.4.0",
				"quote-stream": "~1.0.2",
				"readable-stream": "~2.3.3",
				"shallow-copy": "~0.0.1",
				"static-eval": "^2.0.0",
				"through2": "~2.0.3"
			}
		},
		"string_decoder": {
			"version": "1.1.1",
			"resolved": "https://registry.npmjs.org/string_decoder/-/string_decoder-1.1.1.tgz",
			"integrity": "sha512-n/ShnvDi6FHbbVfviro+WojiFzv+s8MPMHBczVePfUpDJLwoLT0ht1l4YwBCbi8pJAveEEdnkHyPyTP/mzRfwg==",
			"dev": true,
			"requires": {
				"safe-buffer": "~5.1.0"
			}
		},
		"through2": {
			"version": "2.0.5",
			"resolved": "https://registry.npmjs.org/through2/-/through2-2.0.5.tgz",
			"integrity": "sha512-/mrRod8xqpA+IHSLyGCQ2s8SPHiCDEeQJSep1jqLYeEUClOFG2Qsh+4FU6G9VeqpZnGW/Su8LQGc4YKni5rYSQ==",
			"dev": true,
			"requires": {
				"readable-stream": "~2.3.6",
				"xtend": "~4.0.1"
			}
		},
		"type-check": {
			"version": "0.3.2",
			"resolved": "https://registry.npmjs.org/type-check/-/type-check-0.3.2.tgz",
			"integrity": "sha1-WITKtRLPHTVeP7eE8wgEsrUg23I=",
			"dev": true,
			"requires": {
				"prelude-ls": "~1.1.2"
			}
		},
		"type-detect": {
			"version": "0.1.1",
			"resolved": "https://registry.npmjs.org/type-detect/-/type-detect-0.1.1.tgz",
			"integrity": "sha1-C6XsKohWQORw6k6FBZcZANrFiCI=",
			"dev": true
		},
		"typedarray": {
			"version": "0.0.6",
			"resolved": "https://registry.npmjs.org/typedarray/-/typedarray-0.0.6.tgz",
			"integrity": "sha1-hnrHTjhkGHsdPUfZlqeOxciDB3c=",
			"dev": true
		},
		"util": {
			"version": "0.12.2",
			"resolved": "https://registry.npmjs.org/util/-/util-0.12.2.tgz",
			"integrity": "sha512-XE+MkWQvglYa+IOfBt5UFG93EmncEMP23UqpgDvVZVFBPxwmkK10QRp6pgU4xICPnWRf/t0zPv4noYSUq9gqUQ==",
			"dev": true,
			"requires": {
				"inherits": "^2.0.3",
				"is-arguments": "^1.0.4",
				"is-generator-function": "^1.0.7",
				"safe-buffer": "^5.1.2"
			}
		},
		"util-deprecate": {
			"version": "1.0.2",
			"resolved": "https://registry.npmjs.org/util-deprecate/-/util-deprecate-1.0.2.tgz",
			"integrity": "sha1-RQ1Nyfpw3nMnYvvS1KKJgUGaDM8=",
			"dev": true
		},
		"vlq": {
			"version": "0.2.3",
			"resolved": "https://registry.npmjs.org/vlq/-/vlq-0.2.3.tgz",
			"integrity": "sha512-DRibZL6DsNhIgYQ+wNdWDL2SL3bKPlVrRiBqV5yuMm++op8W4kGFtaQfCs4KEJn0wBZcHVHJ3eoywX8983k1ow==",
			"dev": true
		},
		"winston": {
			"version": "0.8.3",
			"resolved": "https://registry.npmjs.org/winston/-/winston-0.8.3.tgz",
			"integrity": "sha1-ZLar9M0Brcrv1QCTk7HY6L7BnbA=",
			"requires": {
				"async": "0.2.x",
				"colors": "0.6.x",
				"cycle": "1.0.x",
				"eyes": "0.1.x",
				"isstream": "0.1.x",
				"pkginfo": "0.3.x",
				"stack-trace": "0.0.x"
			},
			"dependencies": {
				"colors": {
					"version": "0.6.2",
					"resolved": "https://registry.npmjs.org/colors/-/colors-0.6.2.tgz",
					"integrity": "sha1-JCP+ZnisDF2uiFLl0OW+CMmXq8w="
				}
			}
		},
		"word-wrap": {
			"version": "1.2.3",
			"resolved": "https://registry.npmjs.org/word-wrap/-/word-wrap-1.2.3.tgz",
			"integrity": "sha512-Hz/mrNwitNRh/HUAtM/VT/5VH+ygD6DV7mYKZAtHOrbs8U7lvPS6xf7EJKMF0uW1KJCl0H701g3ZGus+muE5vQ==",
			"dev": true
		},
		"wrappy": {
			"version": "1.0.2",
			"resolved": "https://registry.npmjs.org/wrappy/-/wrappy-1.0.2.tgz",
			"integrity": "sha1-tSQ9jz7BqjXxNkYFvA0QNuMKtp8="
		},
		"xtend": {
			"version": "4.0.2",
			"resolved": "https://registry.npmjs.org/xtend/-/xtend-4.0.2.tgz",
			"integrity": "sha512-LKYU1iAXJXUgAXn9URjiu+MWhyUXHsvfp7mcuYm9dSUKK0/CjtrUwFAxD82/mCWbtLsGjFIad0wIsod4zrTAEQ==",
			"dev": true
		}
	}
}
