{
	"name": "bitcore-tss",
	"version": "10.8.0",
	"lockfileVersion": 3,
	"requires": true,
	"packages": {
		"": {
			"name": "bitcore-tss",
			"version": "10.7.0",
			"license": "MIT",
			"dependencies": {
				"@bitgo/sdk-lib-mpc": "^10.1.0",
				"bitcore-ecies": "^1.0.3"
			}
		},
		"node_modules/@bitgo/sdk-lib-mpc": {
			"version": "10.1.0",
			"resolved": "https://registry.npmjs.org/@bitgo/sdk-lib-mpc/-/sdk-lib-mpc-10.1.0.tgz",
			"integrity": "sha512-0OtkLE01YLMoCl2nQvXygXx5Y5v0d3/F4Pl7DSN5tafMhZEuwXjID48mzQT2ukEbCLrBjg1bZc74zNsb0EDVdA==",
			"license": "MIT",
			"dependencies": {
				"@noble/curves": "1.4.0",
				"@silencelaboratories/dkls-wasm-ll-node": "1.1.2",
				"@silencelaboratories/dkls-wasm-ll-web": "1.1.2",
				"@types/superagent": "4.1.15",
				"@wasmer/wasi": "^1.2.2",
				"bigint-crypto-utils": "3.1.4",
				"bigint-mod-arith": "3.1.2",
				"cbor-x": "1.5.9",
				"fp-ts": "2.16.2",
				"io-ts": "npm:@bitgo-forks/io-ts@2.1.4",
				"libsodium-wrappers-sumo": "^0.7.9",
				"openpgp": "5.10.1",
				"paillier-bigint": "3.3.0",
				"secp256k1": "5.0.1"
			},
			"peerDependencies": {
				"@silencelaboratories/dkls-wasm-ll-bundler": "1.1.2"
			},
			"peerDependenciesMeta": {
				"@silencelaboratories/dkls-wasm-ll-bundler": {
					"optional": true
				}
			}
		},
		"node_modules/@cbor-extract/cbor-extract-darwin-arm64": {
			"version": "2.2.0",
			"resolved": "https://registry.npmjs.org/@cbor-extract/cbor-extract-darwin-arm64/-/cbor-extract-darwin-arm64-2.2.0.tgz",
			"integrity": "sha512-P7swiOAdF7aSi0H+tHtHtr6zrpF3aAq/W9FXx5HektRvLTM2O89xCyXF3pk7pLc7QpaY7AoaE8UowVf9QBdh3w==",
			"cpu": [
				"arm64"
			],
			"license": "MIT",
			"optional": true,
			"os": [
				"darwin"
			]
		},
		"node_modules/@cbor-extract/cbor-extract-darwin-x64": {
			"version": "2.2.0",
			"resolved": "https://registry.npmjs.org/@cbor-extract/cbor-extract-darwin-x64/-/cbor-extract-darwin-x64-2.2.0.tgz",
			"integrity": "sha512-1liF6fgowph0JxBbYnAS7ZlqNYLf000Qnj4KjqPNW4GViKrEql2MgZnAsExhY9LSy8dnvA4C0qHEBgPrll0z0w==",
			"cpu": [
				"x64"
			],
			"license": "MIT",
			"optional": true,
			"os": [
				"darwin"
			]
		},
		"node_modules/@cbor-extract/cbor-extract-linux-arm": {
			"version": "2.2.0",
			"resolved": "https://registry.npmjs.org/@cbor-extract/cbor-extract-linux-arm/-/cbor-extract-linux-arm-2.2.0.tgz",
			"integrity": "sha512-QeBcBXk964zOytiedMPQNZr7sg0TNavZeuUCD6ON4vEOU/25+pLhNN6EDIKJ9VLTKaZ7K7EaAriyYQ1NQ05s/Q==",
			"cpu": [
				"arm"
			],
			"license": "MIT",
			"optional": true,
			"os": [
				"linux"
			]
		},
		"node_modules/@cbor-extract/cbor-extract-linux-arm64": {
			"version": "2.2.0",
			"resolved": "https://registry.npmjs.org/@cbor-extract/cbor-extract-linux-arm64/-/cbor-extract-linux-arm64-2.2.0.tgz",
			"integrity": "sha512-rQvhNmDuhjTVXSPFLolmQ47/ydGOFXtbR7+wgkSY0bdOxCFept1hvg59uiLPT2fVDuJFuEy16EImo5tE2x3RsQ==",
			"cpu": [
				"arm64"
			],
			"license": "MIT",
			"optional": true,
			"os": [
				"linux"
			]
		},
		"node_modules/@cbor-extract/cbor-extract-linux-x64": {
			"version": "2.2.0",
			"resolved": "https://registry.npmjs.org/@cbor-extract/cbor-extract-linux-x64/-/cbor-extract-linux-x64-2.2.0.tgz",
			"integrity": "sha512-cWLAWtT3kNLHSvP4RKDzSTX9o0wvQEEAj4SKvhWuOVZxiDAeQazr9A+PSiRILK1VYMLeDml89ohxCnUNQNQNCw==",
			"cpu": [
				"x64"
			],
			"license": "MIT",
			"optional": true,
			"os": [
				"linux"
			]
		},
		"node_modules/@cbor-extract/cbor-extract-win32-x64": {
			"version": "2.2.0",
			"resolved": "https://registry.npmjs.org/@cbor-extract/cbor-extract-win32-x64/-/cbor-extract-win32-x64-2.2.0.tgz",
			"integrity": "sha512-l2M+Z8DO2vbvADOBNLbbh9y5ST1RY5sqkWOg/58GkUPBYou/cuNZ68SGQ644f1CvZ8kcOxyZtw06+dxWHIoN/w==",
			"cpu": [
				"x64"
			],
			"license": "MIT",
			"optional": true,
			"os": [
				"win32"
			]
		},
		"node_modules/@noble/curves": {
			"version": "1.4.0",
			"resolved": "https://registry.npmjs.org/@noble/curves/-/curves-1.4.0.tgz",
			"integrity": "sha512-p+4cb332SFCrReJkCYe8Xzm0OWi4Jji5jVdIZRL/PmacmDkFNw6MrrV+gGpiPxLHbV+zKFRywUWbaseT+tZRXg==",
			"license": "MIT",
			"dependencies": {
				"@noble/hashes": "1.4.0"
			},
			"funding": {
				"url": "https://paulmillr.com/funding/"
			}
		},
		"node_modules/@noble/hashes": {
			"version": "1.4.0",
			"resolved": "https://registry.npmjs.org/@noble/hashes/-/hashes-1.4.0.tgz",
			"integrity": "sha512-V1JJ1WTRUqHHrOSh597hURcMqVKVGL/ea3kv0gSnEdsEZ0/+VyPghM1lMNGc00z7CIQorSvbKpuJkxvuHbvdbg==",
			"license": "MIT",
			"engines": {
				"node": ">= 16"
			},
			"funding": {
				"url": "https://paulmillr.com/funding/"
			}
		},
		"node_modules/@silencelaboratories/dkls-wasm-ll-node": {
			"version": "1.1.2",
			"resolved": "https://registry.npmjs.org/@silencelaboratories/dkls-wasm-ll-node/-/dkls-wasm-ll-node-1.1.2.tgz",
			"integrity": "sha512-ZGnE0p/GQRIMHJzbPtSy/3deUmD340NbWrBwpU0NyqJW4EKvh9xxv5ZFnJApq1YboHxHTaz2aP03eu+ZPZShpQ==",
			"license": "SLL"
		},
		"node_modules/@silencelaboratories/dkls-wasm-ll-web": {
			"version": "1.1.2",
			"resolved": "https://registry.npmjs.org/@silencelaboratories/dkls-wasm-ll-web/-/dkls-wasm-ll-web-1.1.2.tgz",
			"integrity": "sha512-GFdQdeTAK5RQ6SP+RVenjm/cSAXYek8+hMOL6Uw6uqsoGhJzveJHMEKEEbitGDpBjoN/admwxIKcv0wpIo022Q==",
			"license": "SLL"
		},
		"node_modules/@types/cookiejar": {
			"version": "2.1.5",
			"resolved": "https://registry.npmjs.org/@types/cookiejar/-/cookiejar-2.1.5.tgz",
			"integrity": "sha512-he+DHOWReW0nghN24E1WUqM0efK4kI9oTqDm6XmK8ZPe2djZ90BSNdGnIyCLzCPw7/pogPlGbzI2wHGGmi4O/Q==",
			"license": "MIT"
		},
		"node_modules/@types/node": {
			"version": "22.10.7",
			"resolved": "https://registry.npmjs.org/@types/node/-/node-22.10.7.tgz",
			"integrity": "sha512-V09KvXxFiutGp6B7XkpaDXlNadZxrzajcY50EuoLIpQ6WWYCSvf19lVIazzfIzQvhUN2HjX12spLojTnhuKlGg==",
			"license": "MIT",
			"dependencies": {
				"undici-types": "~6.20.0"
			}
		},
		"node_modules/@types/superagent": {
			"version": "4.1.15",
			"resolved": "https://registry.npmjs.org/@types/superagent/-/superagent-4.1.15.tgz",
			"integrity": "sha512-mu/N4uvfDN2zVQQ5AYJI/g4qxn2bHB6521t1UuH09ShNWjebTqN0ZFuYK9uYjcgmI0dTQEs+Owi1EO6U0OkOZQ==",
			"license": "MIT",
			"dependencies": {
				"@types/cookiejar": "*",
				"@types/node": "*"
			}
		},
		"node_modules/@wasmer/wasi": {
			"version": "1.2.2",
			"resolved": "https://registry.npmjs.org/@wasmer/wasi/-/wasi-1.2.2.tgz",
			"integrity": "sha512-39ZB3gefOVhBmkhf7Ta79RRSV/emIV8LhdvcWhP/MOZEjMmtzoZWMzt7phdKj8CUXOze+AwbvGK60lKaKldn1w==",
			"license": "MIT"
		},
		"node_modules/aes": {
			"version": "0.1.0",
			"resolved": "https://registry.npmjs.org/aes/-/aes-0.1.0.tgz",
			"integrity": "sha512-zoxY6y00WNu5EVioxSm+X1uIcx0EIRGdRPGO+C3RsccQT/JgMHo/GiGfl7ryOTdKuCtbnSHrkthTjPSME2oOjA==",
			"license": "MIT"
		},
		"node_modules/asn1.js": {
			"version": "5.4.1",
			"resolved": "https://registry.npmjs.org/asn1.js/-/asn1.js-5.4.1.tgz",
			"integrity": "sha512-+I//4cYPccV8LdmBLiX8CYvf9Sp3vQsrqu2QNXRcrbiWvcx/UdlFiqUJJzxRQxgsZmvhXhn4cSKeSmoFjVdupA==",
			"license": "MIT",
			"dependencies": {
				"bn.js": "^4.0.0",
				"inherits": "^2.0.1",
				"minimalistic-assert": "^1.0.0",
				"safer-buffer": "^2.1.0"
			}
		},
		"node_modules/asn1.js/node_modules/bn.js": {
			"version": "4.12.1",
			"resolved": "https://registry.npmjs.org/bn.js/-/bn.js-4.12.1.tgz",
			"integrity": "sha512-k8TVBiPkPJT9uHLdOKfFpqcfprwBFOAAXXozRubr7R7PfIuKvQlzcI4M0pALeqXN09vdaMbUdUj+pass+uULAg==",
			"license": "MIT"
		},
		"node_modules/bigint-crypto-utils": {
			"version": "3.1.4",
			"resolved": "https://registry.npmjs.org/bigint-crypto-utils/-/bigint-crypto-utils-3.1.4.tgz",
			"integrity": "sha512-niSkvARUEe8MiAiH+zKXPkgXzlvGDbOqXL3JDevWaA1TrPhUGSCgV+iedm8qMEBQwvSlMMn8GpSuoUjvsm2QfQ==",
			"license": "MIT",
			"dependencies": {
				"bigint-mod-arith": "^3.1.0"
			},
			"engines": {
				"node": ">=10.4.0"
			}
		},
		"node_modules/bigint-mod-arith": {
			"version": "3.1.2",
			"resolved": "https://registry.npmjs.org/bigint-mod-arith/-/bigint-mod-arith-3.1.2.tgz",
			"integrity": "sha512-nx8J8bBeiRR+NlsROFH9jHswW5HO8mgfOSqW0AmjicMMvaONDa8AO+5ViKDUUNytBPWiwfvZP4/Bj4Y3lUfvgQ==",
			"license": "MIT",
			"engines": {
				"node": ">=10.4.0"
			}
		},
		"node_modules/bitcore-ecies": {
			"version": "1.0.3",
			"resolved": "https://registry.npmjs.org/bitcore-ecies/-/bitcore-ecies-1.0.3.tgz",
			"integrity": "sha512-DQV9MMvIpUpffs+FQu+blAZwH0citKqnq++dQGbzx9B5IICvhoy1s7ChYHZqSbGEvJwlN9LA9I9WQBC7VZtrdw==",
			"license": "MIT",
			"dependencies": {
				"aes": "^0.1.0",
				"bitcore-lib": "^0.14.0"
			}
		},
		"node_modules/bitcore-lib": {
			"version": "0.14.0",
			"resolved": "https://registry.npmjs.org/bitcore-lib/-/bitcore-lib-0.14.0.tgz",
			"integrity": "sha512-K81rrTm+o6aSCJmfiBqBp/y6cU0m65Y40MkyfzXMmIIrrW0ukfuhjHHfc2cqc6KU08Uq2J6pcGAQCmEBrffGeQ==",
			"license": "MIT",
			"dependencies": {
				"bn.js": "=2.0.4",
				"bs58": "=2.0.0",
				"buffer-compare": "=1.0.0",
				"elliptic": "=3.0.3",
				"inherits": "=2.0.1",
				"lodash": "=3.10.1"
			}
		},
		"node_modules/bn.js": {
			"version": "2.0.4",
			"resolved": "https://registry.npmjs.org/bn.js/-/bn.js-2.0.4.tgz",
			"integrity": "sha512-agol6nELIIhWUdrrb0ko6X/ojICxfDeUg+NUCODLS4Dn3deKCE+d1HTEjvlD/WfH6rZ1DCh7bA21tHNtmqwjWA==",
			"license": "MIT"
		},
		"node_modules/brorand": {
			"version": "1.1.0",
			"resolved": "https://registry.npmjs.org/brorand/-/brorand-1.1.0.tgz",
			"integrity": "sha512-cKV8tMCEpQs4hK/ik71d6LrPOnpkpGBR0wzxqr68g2m/LB2GxVYQroAjMJZRVM1Y4BCjCKc3vAamxSzOY2RP+w==",
			"license": "MIT"
		},
		"node_modules/bs58": {
			"version": "2.0.0",
			"resolved": "https://registry.npmjs.org/bs58/-/bs58-2.0.0.tgz",
			"integrity": "sha512-e6HRIsesDBCrBpXbYviZDrxtwHkk2D4K7f4u/asWRrKBQTt5axZRt2nqa3Hw51+lzQOni31Xvu1/2FiZodXtow=="
		},
		"node_modules/buffer-compare": {
			"version": "1.0.0",
			"resolved": "https://registry.npmjs.org/buffer-compare/-/buffer-compare-1.0.0.tgz",
			"integrity": "sha512-V44fH6pgIfMge/eVmwtRHOfbYYsjRLpMTxEWYijmmendeNi8gRh4Epg0TvgLi3w/NGwVrBWV2B5++RfGTtkCLw=="
		},
		"node_modules/cbor-extract": {
			"version": "2.2.0",
			"resolved": "https://registry.npmjs.org/cbor-extract/-/cbor-extract-2.2.0.tgz",
			"integrity": "sha512-Ig1zM66BjLfTXpNgKpvBePq271BPOvu8MR0Jl080yG7Jsl+wAZunfrwiwA+9ruzm/WEdIV5QF/bjDZTqyAIVHA==",
			"hasInstallScript": true,
			"license": "MIT",
			"optional": true,
			"dependencies": {
				"node-gyp-build-optional-packages": "5.1.1"
			},
			"bin": {
				"download-cbor-prebuilds": "bin/download-prebuilds.js"
			},
			"optionalDependencies": {
				"@cbor-extract/cbor-extract-darwin-arm64": "2.2.0",
				"@cbor-extract/cbor-extract-darwin-x64": "2.2.0",
				"@cbor-extract/cbor-extract-linux-arm": "2.2.0",
				"@cbor-extract/cbor-extract-linux-arm64": "2.2.0",
				"@cbor-extract/cbor-extract-linux-x64": "2.2.0",
				"@cbor-extract/cbor-extract-win32-x64": "2.2.0"
			}
		},
		"node_modules/cbor-x": {
			"version": "1.5.9",
			"resolved": "https://registry.npmjs.org/cbor-x/-/cbor-x-1.5.9.tgz",
			"integrity": "sha512-OEI5rEu3MeR0WWNUXuIGkxmbXVhABP+VtgAXzm48c9ulkrsvxshjjk94XSOGphyAKeNGLPfAxxzEtgQ6rEVpYQ==",
			"license": "MIT",
			"optionalDependencies": {
				"cbor-extract": "^2.2.0"
			}
		},
		"node_modules/detect-libc": {
			"version": "2.0.3",
			"resolved": "https://registry.npmjs.org/detect-libc/-/detect-libc-2.0.3.tgz",
			"integrity": "sha512-bwy0MGW55bG41VqxxypOsdSdGqLwXPI/focwgTYCFMbdUiBAxLg9CFzG08sz2aqzknwiX7Hkl0bQENjg8iLByw==",
			"license": "Apache-2.0",
			"optional": true,
			"engines": {
				"node": ">=8"
			}
		},
		"node_modules/elliptic": {
			"version": "3.0.3",
			"resolved": "https://registry.npmjs.org/elliptic/-/elliptic-3.0.3.tgz",
			"integrity": "sha512-CrBEiS76Obfxgy6v25p2f7XUZ63DF6mJ/KL0lvBnIrlBeebacGjukc4KjbFWw6bdMnOMM6QXcO84Q2/VJaJlTA==",
			"license": "MIT",
			"dependencies": {
				"bn.js": "^2.0.0",
				"brorand": "^1.0.1",
				"hash.js": "^1.0.0",
				"inherits": "^2.0.1"
			}
		},
		"node_modules/fp-ts": {
			"version": "2.16.2",
			"resolved": "https://registry.npmjs.org/fp-ts/-/fp-ts-2.16.2.tgz",
			"integrity": "sha512-CkqAjnIKFqvo3sCyoBTqgJvF+bHrSik584S9nhTjtBESLx26cbtVMR/T9a6ApChOcSDAaM3JydDmWDUn4EEXng==",
			"license": "MIT"
		},
		"node_modules/hash.js": {
			"version": "1.1.7",
			"resolved": "https://registry.npmjs.org/hash.js/-/hash.js-1.1.7.tgz",
			"integrity": "sha512-taOaskGt4z4SOANNseOviYDvjEJinIkRgmp7LbKP2YTTmVxWBl87s/uzK9r+44BclBSp2X7K1hqeNfz9JbBeXA==",
			"license": "MIT",
			"dependencies": {
				"inherits": "^2.0.3",
				"minimalistic-assert": "^1.0.1"
			}
		},
		"node_modules/hash.js/node_modules/inherits": {
			"version": "2.0.4",
			"resolved": "https://registry.npmjs.org/inherits/-/inherits-2.0.4.tgz",
			"integrity": "sha512-k/vGaX4/Yla3WzyMCvTQOXYeIHvqOKtnqBduzTHpzpQZzAskKMhZ2K+EnBiSM9zGSoIFeMpXKxa4dYeZIQqewQ==",
			"license": "ISC"
		},
		"node_modules/hmac-drbg": {
			"version": "1.0.1",
			"resolved": "https://registry.npmjs.org/hmac-drbg/-/hmac-drbg-1.0.1.tgz",
			"integrity": "sha512-Tti3gMqLdZfhOQY1Mzf/AanLiqh1WTiJgEj26ZuYQ9fbkLomzGchCws4FyrSd4VkpBfiNhaE1On+lOz894jvXg==",
			"license": "MIT",
			"dependencies": {
				"hash.js": "^1.0.3",
				"minimalistic-assert": "^1.0.0",
				"minimalistic-crypto-utils": "^1.0.1"
			}
		},
		"node_modules/inherits": {
			"version": "2.0.1",
			"resolved": "https://registry.npmjs.org/inherits/-/inherits-2.0.1.tgz",
			"integrity": "sha512-8nWq2nLTAwd02jTqJExUYFSD/fKq6VH9Y/oG2accc/kdI0V98Bag8d5a4gi3XHz73rDWa2PvTtvcWYquKqSENA==",
			"license": "ISC"
		},
		"node_modules/io-ts": {
			"name": "@bitgo-forks/io-ts",
			"version": "2.1.4",
			"resolved": "https://registry.npmjs.org/@bitgo-forks/io-ts/-/io-ts-2.1.4.tgz",
			"integrity": "sha512-jCt3WPfDM+wM0SJMGJkY0TS6JmaQ78ATAYtsppJYJfts8geOS/N/UftwAROXwv6azKAMz8uo163t6dWWwfsYug==",
			"license": "MIT",
			"peerDependencies": {
				"fp-ts": "^2.0.0"
			}
		},
		"node_modules/libsodium-sumo": {
			"version": "0.7.15",
			"resolved": "https://registry.npmjs.org/libsodium-sumo/-/libsodium-sumo-0.7.15.tgz",
			"integrity": "sha512-5tPmqPmq8T8Nikpm1Nqj0hBHvsLFCXvdhBFV7SGOitQPZAA6jso8XoL0r4L7vmfKXr486fiQInvErHtEvizFMw==",
			"license": "ISC"
		},
		"node_modules/libsodium-wrappers-sumo": {
			"version": "0.7.15",
			"resolved": "https://registry.npmjs.org/libsodium-wrappers-sumo/-/libsodium-wrappers-sumo-0.7.15.tgz",
			"integrity": "sha512-aSWY8wKDZh5TC7rMvEdTHoyppVq/1dTSAeAR7H6pzd6QRT3vQWcT5pGwCotLcpPEOLXX6VvqihSPkpEhYAjANA==",
			"license": "ISC",
			"dependencies": {
				"libsodium-sumo": "^0.7.15"
			}
		},
		"node_modules/lodash": {
			"version": "3.10.1",
			"resolved": "https://registry.npmjs.org/lodash/-/lodash-3.10.1.tgz",
			"integrity": "sha512-9mDDwqVIma6OZX79ZlDACZl8sBm0TEnkf99zV3iMA4GzkIT/9hiqP5mY0HoT1iNLCrKc/R1HByV+yJfRWVJryQ==",
			"license": "MIT"
		},
		"node_modules/minimalistic-assert": {
			"version": "1.0.1",
			"resolved": "https://registry.npmjs.org/minimalistic-assert/-/minimalistic-assert-1.0.1.tgz",
			"integrity": "sha512-UtJcAD4yEaGtjPezWuO9wC4nwUnVH/8/Im3yEHQP4b67cXlD/Qr9hdITCU1xDbSEXg2XKNaP8jsReV7vQd00/A==",
			"license": "ISC"
		},
		"node_modules/minimalistic-crypto-utils": {
			"version": "1.0.1",
			"resolved": "https://registry.npmjs.org/minimalistic-crypto-utils/-/minimalistic-crypto-utils-1.0.1.tgz",
			"integrity": "sha512-JIYlbt6g8i5jKfJ3xz7rF0LXmv2TkDxBLUkiBeZ7bAx4GnnNMr8xFpGnOxn6GhTEHx3SjRrZEoU+j04prX1ktg==",
			"license": "MIT"
		},
		"node_modules/node-addon-api": {
			"version": "5.1.0",
			"resolved": "https://registry.npmjs.org/node-addon-api/-/node-addon-api-5.1.0.tgz",
			"integrity": "sha512-eh0GgfEkpnoWDq+VY8OyvYhFEzBk6jIYbRKdIlyTiAXIVJ8PyBaKb0rp7oDtoddbdoHWhq8wwr+XZ81F1rpNdA==",
			"license": "MIT"
		},
		"node_modules/node-gyp-build": {
			"version": "4.8.4",
			"resolved": "https://registry.npmjs.org/node-gyp-build/-/node-gyp-build-4.8.4.tgz",
			"integrity": "sha512-LA4ZjwlnUblHVgq0oBF3Jl/6h/Nvs5fzBLwdEF4nuxnFdsfajde4WfxtJr3CaiH+F6ewcIB/q4jQ4UzPyid+CQ==",
			"license": "MIT",
			"bin": {
				"node-gyp-build": "bin.js",
				"node-gyp-build-optional": "optional.js",
				"node-gyp-build-test": "build-test.js"
			}
		},
		"node_modules/node-gyp-build-optional-packages": {
			"version": "5.1.1",
			"resolved": "https://registry.npmjs.org/node-gyp-build-optional-packages/-/node-gyp-build-optional-packages-5.1.1.tgz",
			"integrity": "sha512-+P72GAjVAbTxjjwUmwjVrqrdZROD4nf8KgpBoDxqXXTiYZZt/ud60dE5yvCSr9lRO8e8yv6kgJIC0K0PfZFVQw==",
			"license": "MIT",
			"optional": true,
			"dependencies": {
				"detect-libc": "^2.0.1"
			},
			"bin": {
				"node-gyp-build-optional-packages": "bin.js",
				"node-gyp-build-optional-packages-optional": "optional.js",
				"node-gyp-build-optional-packages-test": "build-test.js"
			}
		},
		"node_modules/openpgp": {
			"version": "5.10.1",
			"resolved": "https://registry.npmjs.org/openpgp/-/openpgp-5.10.1.tgz",
			"integrity": "sha512-SR5Ft+ej51d0+p53ld5Ney0Yiz0y8Mh1YYLJrvpRMbTaNhvS1QcDX0Oq1rW9sjBnQXtgrpWw2Zve3rm7K5C/pw==",
			"license": "LGPL-3.0+",
			"dependencies": {
				"asn1.js": "^5.0.0"
			},
			"engines": {
				"node": ">= 8.0.0"
			}
		},
		"node_modules/paillier-bigint": {
			"version": "3.3.0",
			"resolved": "https://registry.npmjs.org/paillier-bigint/-/paillier-bigint-3.3.0.tgz",
			"integrity": "sha512-Aa8a75dODYOGxLYQhi1Y0Xsi0Vbl+5gzPvaVfxuCA/zT8CK/keXv5CA2Ddn5AV9VxmTkpIEdYs40hv1rkFcODg==",
			"license": "MIT",
			"dependencies": {
				"bigint-crypto-utils": "^3.0.17"
			},
			"engines": {
				"node": ">=12"
			}
		},
		"node_modules/safer-buffer": {
			"version": "2.1.2",
			"resolved": "https://registry.npmjs.org/safer-buffer/-/safer-buffer-2.1.2.tgz",
			"integrity": "sha512-YZo3K82SD7Riyi0E1EQPojLz7kpepnSQI9IyPbHHg1XXXevb5dJI7tpyN2ADxGcQbHG7vcyRHk0cbwqcQriUtg==",
			"license": "MIT"
		},
		"node_modules/secp256k1": {
			"version": "5.0.1",
			"resolved": "https://registry.npmjs.org/secp256k1/-/secp256k1-5.0.1.tgz",
			"integrity": "sha512-lDFs9AAIaWP9UCdtWrotXWWF9t8PWgQDcxqgAnpM9rMqxb3Oaq2J0thzPVSxBwdJgyQtkU/sYtFtbM1RSt/iYA==",
			"hasInstallScript": true,
			"license": "MIT",
			"dependencies": {
				"elliptic": "^6.5.7",
				"node-addon-api": "^5.0.0",
				"node-gyp-build": "^4.2.0"
			},
			"engines": {
				"node": ">=18.0.0"
			}
		},
		"node_modules/secp256k1/node_modules/bn.js": {
			"version": "4.12.1",
			"resolved": "https://registry.npmjs.org/bn.js/-/bn.js-4.12.1.tgz",
			"integrity": "sha512-k8TVBiPkPJT9uHLdOKfFpqcfprwBFOAAXXozRubr7R7PfIuKvQlzcI4M0pALeqXN09vdaMbUdUj+pass+uULAg==",
			"license": "MIT"
		},
		"node_modules/secp256k1/node_modules/elliptic": {
			"version": "6.6.1",
			"resolved": "https://registry.npmjs.org/elliptic/-/elliptic-6.6.1.tgz",
			"integrity": "sha512-RaddvvMatK2LJHqFJ+YA4WysVN5Ita9E35botqIYspQ4TkRAlCicdzKOjlyv/1Za5RyTNn7di//eEV0uTAfe3g==",
			"license": "MIT",
			"dependencies": {
				"bn.js": "^4.11.9",
				"brorand": "^1.1.0",
				"hash.js": "^1.0.0",
				"hmac-drbg": "^1.0.1",
				"inherits": "^2.0.4",
				"minimalistic-assert": "^1.0.1",
				"minimalistic-crypto-utils": "^1.0.1"
			}
		},
		"node_modules/secp256k1/node_modules/inherits": {
			"version": "2.0.4",
			"resolved": "https://registry.npmjs.org/inherits/-/inherits-2.0.4.tgz",
			"integrity": "sha512-k/vGaX4/Yla3WzyMCvTQOXYeIHvqOKtnqBduzTHpzpQZzAskKMhZ2K+EnBiSM9zGSoIFeMpXKxa4dYeZIQqewQ==",
			"license": "ISC"
		},
		"node_modules/undici-types": {
			"version": "6.20.0",
			"resolved": "https://registry.npmjs.org/undici-types/-/undici-types-6.20.0.tgz",
			"integrity": "sha512-Ny6QZ2Nju20vw1SRHe3d9jVu6gJ+4e3+MMpqu7pqE5HT6WsTSlce++GQmK5UXS8mzV8DSYHrQH+Xrf2jVcuKNg==",
			"license": "MIT"
		}
	}
}
